{
  "version": 4,
  "terraform_version": "1.4.2",
  "serial": 350,
  "lineage": "228e2abd-90b8-5597-4a4d-baea89b4c414",
  "outputs": {},
  "resources": [
    {
      "mode": "data",
      "type": "aws_iam_policy_document",
      "name": "allow_access",
      "provider": "provider[\"registry.terraform.io/hashicorp/aws\"]",
      "instances": [
        {
          "schema_version": 0,
          "attributes": {
            "id": "2105164598",
            "json": "{\n  \"Version\": \"2012-10-17\",\n  \"Id\": \"PolicyForCourses\",\n  \"Statement\": [\n    {\n      \"Sid\": \"AllowCloudFrontServicePrincipal\",\n      \"Effect\": \"Allow\",\n      \"Action\": \"s3:GetObject\",\n      \"Resource\": \"arn:aws:s3:::devel-bucket-courses/*\",\n      \"Principal\": \"*\"\n    }\n  ]\n}",
            "override_json": null,
            "override_policy_documents": null,
            "policy_id": "PolicyForCourses",
            "source_json": null,
            "source_policy_documents": null,
            "statement": [
              {
                "actions": [
                  "s3:GetObject"
                ],
                "condition": [],
                "effect": "Allow",
                "not_actions": [],
                "not_principals": [],
                "not_resources": [],
                "principals": [
                  {
                    "identifiers": [
                      "*"
                    ],
                    "type": "*"
                  }
                ],
                "resources": [
                  "arn:aws:s3:::devel-bucket-courses/*"
                ],
                "sid": "AllowCloudFrontServicePrincipal"
              }
            ],
            "version": "2012-10-17"
          },
          "sensitive_attributes": []
        }
      ]
    },
    {
      "mode": "managed",
      "type": "aws_s3_bucket",
      "name": "this",
      "provider": "provider[\"registry.terraform.io/hashicorp/aws\"]",
      "instances": [
        {
          "schema_version": 0,
          "attributes": {
            "acceleration_status": "",
            "acl": null,
            "arn": "arn:aws:s3:::devel-bucket-courses",
            "bucket": "devel-bucket-courses",
            "bucket_domain_name": "devel-bucket-courses.s3.amazonaws.com",
            "bucket_prefix": null,
            "bucket_regional_domain_name": "devel-bucket-courses.s3.eu-central-1.amazonaws.com",
            "cors_rule": [],
            "force_destroy": true,
            "grant": [
              {
                "id": "217748d60378ea8539592ff506b6072c29462dc270af591b8429afd34eab6ef0",
                "permissions": [
                  "FULL_CONTROL"
                ],
                "type": "CanonicalUser",
                "uri": ""
              }
            ],
            "hosted_zone_id": "Z21DNDUVLTQW6Q",
            "id": "devel-bucket-courses",
            "lifecycle_rule": [],
            "logging": [],
            "object_lock_configuration": [],
            "object_lock_enabled": false,
            "policy": "{\"Id\":\"PolicyForCourses\",\"Statement\":[{\"Action\":\"s3:GetObject\",\"Effect\":\"Allow\",\"Principal\":\"*\",\"Resource\":\"arn:aws:s3:::devel-bucket-courses/*\",\"Sid\":\"AllowCloudFrontServicePrincipal\"}],\"Version\":\"2012-10-17\"}",
            "region": "eu-central-1",
            "replication_configuration": [],
            "request_payer": "BucketOwner",
            "server_side_encryption_configuration": [
              {
                "rule": [
                  {
                    "apply_server_side_encryption_by_default": [
                      {
                        "kms_master_key_id": "",
                        "sse_algorithm": "AES256"
                      }
                    ],
                    "bucket_key_enabled": false
                  }
                ]
              }
            ],
            "tags": {},
            "tags_all": {},
            "timeouts": null,
            "versioning": [
              {
                "enabled": false,
                "mfa_delete": false
              }
            ],
            "website": [
              {
                "error_document": "index.html",
                "index_document": "index.html",
                "redirect_all_requests_to": "",
                "routing_rules": ""
              }
            ],
            "website_domain": "s3-website.eu-central-1.amazonaws.com",
            "website_endpoint": "devel-bucket-courses.s3-website.eu-central-1.amazonaws.com"
          },
          "sensitive_attributes": [],
          "private": "eyJlMmJmYjczMC1lY2FhLTExZTYtOGY4OC0zNDM2M2JjN2M0YzAiOnsiY3JlYXRlIjoxMjAwMDAwMDAwMDAwLCJkZWxldGUiOjM2MDAwMDAwMDAwMDAsInJlYWQiOjEyMDAwMDAwMDAwMDAsInVwZGF0ZSI6MTIwMDAwMDAwMDAwMH19"
        }
      ]
    },
    {
      "mode": "managed",
      "type": "aws_s3_bucket_object",
      "name": "data",
      "provider": "provider[\"registry.terraform.io/hashicorp/aws\"]",
      "instances": [
        {
          "index_key": "asset-manifest.json",
          "schema_version": 0,
          "attributes": {
            "acl": "private",
            "bucket": "devel-bucket-courses",
            "bucket_key_enabled": false,
            "cache_control": "",
            "content": null,
            "content_base64": null,
            "content_disposition": "",
            "content_encoding": "",
            "content_language": "",
            "content_type": "binary/octet-stream",
            "etag": "a5c27ef69d5fc90300ddcb02dcf8eb8a",
            "force_destroy": false,
            "id": "asset-manifest.json",
            "key": "asset-manifest.json",
            "kms_key_id": null,
            "metadata": {},
            "object_lock_legal_hold_status": "",
            "object_lock_mode": "",
            "object_lock_retain_until_date": "",
            "server_side_encryption": "AES256",
            "source": "./react-app-frontend/build//asset-manifest.json",
            "source_hash": null,
            "storage_class": "STANDARD",
            "tags": {},
            "tags_all": {},
            "version_id": "",
            "website_redirect": ""
          },
          "sensitive_attributes": [],
          "private": "bnVsbA==",
          "dependencies": [
            "aws_s3_bucket.this"
          ]
        },
        {
          "index_key": "favicon.ico",
          "schema_version": 0,
          "attributes": {
            "acl": "private",
            "bucket": "devel-bucket-courses",
            "bucket_key_enabled": false,
            "cache_control": "",
            "content": null,
            "content_base64": null,
            "content_disposition": "",
            "content_encoding": "",
            "content_language": "",
            "content_type": "binary/octet-stream",
            "etag": "c92b85a5b907c70211f4ec25e29a8c4a",
            "force_destroy": false,
            "id": "favicon.ico",
            "key": "favicon.ico",
            "kms_key_id": null,
            "metadata": {},
            "object_lock_legal_hold_status": "",
            "object_lock_mode": "",
            "object_lock_retain_until_date": "",
            "server_side_encryption": "AES256",
            "source": "./react-app-frontend/build//favicon.ico",
            "source_hash": null,
            "storage_class": "STANDARD",
            "tags": {},
            "tags_all": {},
            "version_id": "",
            "website_redirect": ""
          },
          "sensitive_attributes": [],
          "private": "bnVsbA==",
          "dependencies": [
            "aws_s3_bucket.this"
          ]
        },
        {
          "index_key": "index.html",
          "schema_version": 0,
          "attributes": {
            "acl": "private",
            "bucket": "devel-bucket-courses",
            "bucket_key_enabled": false,
            "cache_control": "",
            "content": null,
            "content_base64": null,
            "content_disposition": "",
            "content_encoding": "",
            "content_language": "",
            "content_type": "text/html",
            "etag": "b54422aaf4f6a1c756e9f463a3cee87c",
            "force_destroy": false,
            "id": "index.html",
            "key": "index.html",
            "kms_key_id": null,
            "metadata": {},
            "object_lock_legal_hold_status": "",
            "object_lock_mode": "",
            "object_lock_retain_until_date": "",
            "server_side_encryption": "AES256",
            "source": "./react-app-frontend/build//index.html",
            "source_hash": null,
            "storage_class": "STANDARD",
            "tags": {},
            "tags_all": {},
            "version_id": "",
            "website_redirect": ""
          },
          "sensitive_attributes": [],
          "private": "bnVsbA==",
          "dependencies": [
            "aws_s3_bucket.this"
          ]
        },
        {
          "index_key": "manifest.json",
          "schema_version": 0,
          "attributes": {
            "acl": "private",
            "bucket": "devel-bucket-courses",
            "bucket_key_enabled": false,
            "cache_control": "",
            "content": null,
            "content_base64": null,
            "content_disposition": "",
            "content_encoding": "",
            "content_language": "",
            "content_type": "binary/octet-stream",
            "etag": "730915ec2725cf6721080a6516b23f15",
            "force_destroy": false,
            "id": "manifest.json",
            "key": "manifest.json",
            "kms_key_id": null,
            "metadata": {},
            "object_lock_legal_hold_status": "",
            "object_lock_mode": "",
            "object_lock_retain_until_date": "",
            "server_side_encryption": "AES256",
            "source": "./react-app-frontend/build//manifest.json",
            "source_hash": null,
            "storage_class": "STANDARD",
            "tags": {},
            "tags_all": {},
            "version_id": "",
            "website_redirect": ""
          },
          "sensitive_attributes": [],
          "private": "bnVsbA==",
          "dependencies": [
            "aws_s3_bucket.this"
          ]
        },
        {
          "index_key": "service-worker.js",
          "schema_version": 0,
          "attributes": {
            "acl": "private",
            "bucket": "devel-bucket-courses",
            "bucket_key_enabled": false,
            "cache_control": "",
            "content": null,
            "content_base64": null,
            "content_disposition": "",
            "content_encoding": "",
            "content_language": "",
            "content_type": "binary/octet-stream",
            "etag": "212c77aed352fe8a4ab32f82194ef4d3",
            "force_destroy": false,
            "id": "service-worker.js",
            "key": "service-worker.js",
            "kms_key_id": null,
            "metadata": {},
            "object_lock_legal_hold_status": "",
            "object_lock_mode": "",
            "object_lock_retain_until_date": "",
            "server_side_encryption": "AES256",
            "source": "./react-app-frontend/build//service-worker.js",
            "source_hash": null,
            "storage_class": "STANDARD",
            "tags": {},
            "tags_all": {},
            "version_id": "",
            "website_redirect": ""
          },
          "sensitive_attributes": [],
          "private": "bnVsbA==",
          "dependencies": [
            "aws_s3_bucket.this"
          ]
        }
      ]
    },
    {
      "mode": "managed",
      "type": "aws_s3_bucket_object",
      "name": "data_inside_nested_folder1",
      "provider": "provider[\"registry.terraform.io/hashicorp/aws\"]",
      "instances": [
        {
          "index_key": "main.d1ac64fa.css",
          "schema_version": 0,
          "attributes": {
            "acl": "private",
            "bucket": "devel-bucket-courses",
            "bucket_key_enabled": false,
            "cache_control": "",
            "content": null,
            "content_base64": null,
            "content_disposition": "",
            "content_encoding": "",
            "content_language": "",
            "content_type": "text/css",
            "etag": "1894a3ce1a8aaded5487c7351f0a9b46",
            "force_destroy": false,
            "id": "static/css/main.d1ac64fa.css",
            "key": "static/css/main.d1ac64fa.css",
            "kms_key_id": null,
            "metadata": {},
            "object_lock_legal_hold_status": "",
            "object_lock_mode": "",
            "object_lock_retain_until_date": "",
            "server_side_encryption": "AES256",
            "source": "./react-app-frontend/build//static/css/main.d1ac64fa.css",
            "source_hash": null,
            "storage_class": "STANDARD",
            "tags": {},
            "tags_all": {},
            "version_id": "",
            "website_redirect": ""
          },
          "sensitive_attributes": [],
          "private": "bnVsbA==",
          "dependencies": [
            "aws_s3_bucket.this",
            "aws_s3_bucket_object.folder",
            "aws_s3_bucket_object.nested_folder1"
          ]
        },
        {
          "index_key": "main.d1ac64fa.css.map",
          "schema_version": 0,
          "attributes": {
            "acl": "private",
            "bucket": "devel-bucket-courses",
            "bucket_key_enabled": false,
            "cache_control": "",
            "content": null,
            "content_base64": null,
            "content_disposition": "",
            "content_encoding": "",
            "content_language": "",
            "content_type": "binary/octet-stream",
            "etag": "1e8c88429cde597fc4da5e0c6691110c",
            "force_destroy": false,
            "id": "static/css/main.d1ac64fa.css.map",
            "key": "static/css/main.d1ac64fa.css.map",
            "kms_key_id": null,
            "metadata": {},
            "object_lock_legal_hold_status": "",
            "object_lock_mode": "",
            "object_lock_retain_until_date": "",
            "server_side_encryption": "AES256",
            "source": "./react-app-frontend/build//static/css/main.d1ac64fa.css.map",
            "source_hash": null,
            "storage_class": "STANDARD",
            "tags": {},
            "tags_all": {},
            "version_id": "",
            "website_redirect": ""
          },
          "sensitive_attributes": [],
          "private": "bnVsbA==",
          "dependencies": [
            "aws_s3_bucket.this",
            "aws_s3_bucket_object.nested_folder1"
          ]
        }
      ]
    },
    {
      "mode": "managed",
      "type": "aws_s3_bucket_object",
      "name": "data_inside_nested_folder2",
      "provider": "provider[\"registry.terraform.io/hashicorp/aws\"]",
      "instances": [
        {
          "index_key": "main.7e4746ce.js",
          "schema_version": 0,
          "attributes": {
            "acl": "private",
            "bucket": "devel-bucket-courses",
            "bucket_key_enabled": false,
            "cache_control": "",
            "content": null,
            "content_base64": null,
            "content_disposition": "",
            "content_encoding": "",
            "content_language": "",
            "content_type": "binary/octet-stream",
            "etag": "68a3438240fba75d7824d8794d897a08",
            "force_destroy": false,
            "id": "static/js/main.7e4746ce.js",
            "key": "static/js/main.7e4746ce.js",
            "kms_key_id": null,
            "metadata": {},
            "object_lock_legal_hold_status": "",
            "object_lock_mode": "",
            "object_lock_retain_until_date": "",
            "server_side_encryption": "AES256",
            "source": "./react-app-frontend/build//static/js/main.7e4746ce.js",
            "source_hash": null,
            "storage_class": "STANDARD",
            "tags": {},
            "tags_all": {},
            "version_id": "",
            "website_redirect": ""
          },
          "sensitive_attributes": [],
          "private": "bnVsbA==",
          "dependencies": [
            "aws_s3_bucket.this",
            "aws_s3_bucket_object.folder",
            "aws_s3_bucket_object.nested_folder2"
          ]
        },
        {
          "index_key": "main.7e4746ce.js.map",
          "schema_version": 0,
          "attributes": {
            "acl": "private",
            "bucket": "devel-bucket-courses",
            "bucket_key_enabled": false,
            "cache_control": "",
            "content": null,
            "content_base64": null,
            "content_disposition": "",
            "content_encoding": "",
            "content_language": "",
            "content_type": "binary/octet-stream",
            "etag": "c876b444170c5ce8f8e6ba044dd01212-2",
            "force_destroy": false,
            "id": "static/js/main.7e4746ce.js.map",
            "key": "static/js/main.7e4746ce.js.map",
            "kms_key_id": null,
            "metadata": {},
            "object_lock_legal_hold_status": "",
            "object_lock_mode": "",
            "object_lock_retain_until_date": "",
            "server_side_encryption": "AES256",
            "source": "./react-app-frontend/build//static/js/main.7e4746ce.js.map",
            "source_hash": null,
            "storage_class": "STANDARD",
            "tags": {},
            "tags_all": {},
            "version_id": "",
            "website_redirect": ""
          },
          "sensitive_attributes": [],
          "private": "bnVsbA==",
          "dependencies": [
            "aws_s3_bucket.this",
            "aws_s3_bucket_object.nested_folder2"
          ]
        }
      ]
    },
    {
      "mode": "managed",
      "type": "aws_s3_bucket_object",
      "name": "data_inside_nested_folder3",
      "provider": "provider[\"registry.terraform.io/hashicorp/aws\"]",
      "instances": [
        {
          "index_key": "fontawesome-webfont.674f50d2.eot",
          "schema_version": 0,
          "attributes": {
            "acl": "private",
            "bucket": "devel-bucket-courses",
            "bucket_key_enabled": false,
            "cache_control": "",
            "content": null,
            "content_base64": null,
            "content_disposition": "",
            "content_encoding": "",
            "content_language": "",
            "content_type": "binary/octet-stream",
            "etag": "674f50d287a8c48dc19ba404d20fe713",
            "force_destroy": false,
            "id": "static/media/fontawesome-webfont.674f50d2.eot",
            "key": "static/media/fontawesome-webfont.674f50d2.eot",
            "kms_key_id": null,
            "metadata": {},
            "object_lock_legal_hold_status": "",
            "object_lock_mode": "",
            "object_lock_retain_until_date": "",
            "server_side_encryption": "AES256",
            "source": "./react-app-frontend/build//static/media/fontawesome-webfont.674f50d2.eot",
            "source_hash": null,
            "storage_class": "STANDARD",
            "tags": {},
            "tags_all": {},
            "version_id": "",
            "website_redirect": ""
          },
          "sensitive_attributes": [],
          "private": "bnVsbA==",
          "dependencies": [
            "aws_s3_bucket.this",
            "aws_s3_bucket_object.folder",
            "aws_s3_bucket_object.nested_folder3"
          ]
        },
        {
          "index_key": "fontawesome-webfont.912ec66d.svg",
          "schema_version": 0,
          "attributes": {
            "acl": "private",
            "bucket": "devel-bucket-courses",
            "bucket_key_enabled": false,
            "cache_control": "",
            "content": null,
            "content_base64": null,
            "content_disposition": "",
            "content_encoding": "",
            "content_language": "",
            "content_type": "binary/octet-stream",
            "etag": "912ec66d7572ff821749319396470bde",
            "force_destroy": false,
            "id": "static/media/fontawesome-webfont.912ec66d.svg",
            "key": "static/media/fontawesome-webfont.912ec66d.svg",
            "kms_key_id": null,
            "metadata": {},
            "object_lock_legal_hold_status": "",
            "object_lock_mode": "",
            "object_lock_retain_until_date": "",
            "server_side_encryption": "AES256",
            "source": "./react-app-frontend/build//static/media/fontawesome-webfont.912ec66d.svg",
            "source_hash": null,
            "storage_class": "STANDARD",
            "tags": {},
            "tags_all": {},
            "version_id": "",
            "website_redirect": ""
          },
          "sensitive_attributes": [],
          "private": "bnVsbA==",
          "dependencies": [
            "aws_s3_bucket.this",
            "aws_s3_bucket_object.folder",
            "aws_s3_bucket_object.nested_folder3"
          ]
        },
        {
          "index_key": "fontawesome-webfont.af7ae505.woff2",
          "schema_version": 0,
          "attributes": {
            "acl": "private",
            "bucket": "devel-bucket-courses",
            "bucket_key_enabled": false,
            "cache_control": "",
            "content": null,
            "content_base64": null,
            "content_disposition": "",
            "content_encoding": "",
            "content_language": "",
            "content_type": "binary/octet-stream",
            "etag": "af7ae505a9eed503f8b8e6982036873e",
            "force_destroy": false,
            "id": "static/media/fontawesome-webfont.af7ae505.woff2",
            "key": "static/media/fontawesome-webfont.af7ae505.woff2",
            "kms_key_id": null,
            "metadata": {},
            "object_lock_legal_hold_status": "",
            "object_lock_mode": "",
            "object_lock_retain_until_date": "",
            "server_side_encryption": "AES256",
            "source": "./react-app-frontend/build//static/media/fontawesome-webfont.af7ae505.woff2",
            "source_hash": null,
            "storage_class": "STANDARD",
            "tags": {},
            "tags_all": {},
            "version_id": "",
            "website_redirect": ""
          },
          "sensitive_attributes": [],
          "private": "bnVsbA==",
          "dependencies": [
            "aws_s3_bucket.this",
            "aws_s3_bucket_object.folder",
            "aws_s3_bucket_object.nested_folder3"
          ]
        },
        {
          "index_key": "fontawesome-webfont.b06871f2.ttf",
          "schema_version": 0,
          "attributes": {
            "acl": "private",
            "bucket": "devel-bucket-courses",
            "bucket_key_enabled": false,
            "cache_control": "",
            "content": null,
            "content_base64": null,
            "content_disposition": "",
            "content_encoding": "",
            "content_language": "",
            "content_type": "binary/octet-stream",
            "etag": "b06871f281fee6b241d60582ae9369b9",
            "force_destroy": false,
            "id": "static/media/fontawesome-webfont.b06871f2.ttf",
            "key": "static/media/fontawesome-webfont.b06871f2.ttf",
            "kms_key_id": null,
            "metadata": {},
            "object_lock_legal_hold_status": "",
            "object_lock_mode": "",
            "object_lock_retain_until_date": "",
            "server_side_encryption": "AES256",
            "source": "./react-app-frontend/build//static/media/fontawesome-webfont.b06871f2.ttf",
            "source_hash": null,
            "storage_class": "STANDARD",
            "tags": {},
            "tags_all": {},
            "version_id": "",
            "website_redirect": ""
          },
          "sensitive_attributes": [],
          "private": "bnVsbA==",
          "dependencies": [
            "aws_s3_bucket.this",
            "aws_s3_bucket_object.folder",
            "aws_s3_bucket_object.nested_folder3"
          ]
        },
        {
          "index_key": "fontawesome-webfont.fee66e71.woff",
          "schema_version": 0,
          "attributes": {
            "acl": "private",
            "bucket": "devel-bucket-courses",
            "bucket_key_enabled": false,
            "cache_control": "",
            "content": null,
            "content_base64": null,
            "content_disposition": "",
            "content_encoding": "",
            "content_language": "",
            "content_type": "binary/octet-stream",
            "etag": "fee66e712a8a08eef5805a46892932ad",
            "force_destroy": false,
            "id": "static/media/fontawesome-webfont.fee66e71.woff",
            "key": "static/media/fontawesome-webfont.fee66e71.woff",
            "kms_key_id": null,
            "metadata": {},
            "object_lock_legal_hold_status": "",
            "object_lock_mode": "",
            "object_lock_retain_until_date": "",
            "server_side_encryption": "AES256",
            "source": "./react-app-frontend/build//static/media/fontawesome-webfont.fee66e71.woff",
            "source_hash": null,
            "storage_class": "STANDARD",
            "tags": {},
            "tags_all": {},
            "version_id": "",
            "website_redirect": ""
          },
          "sensitive_attributes": [],
          "private": "bnVsbA==",
          "dependencies": [
            "aws_s3_bucket.this",
            "aws_s3_bucket_object.folder",
            "aws_s3_bucket_object.nested_folder3"
          ]
        },
        {
          "index_key": "glyphicons-halflings-regular.448c34a5.woff2",
          "schema_version": 0,
          "attributes": {
            "acl": "private",
            "bucket": "devel-bucket-courses",
            "bucket_key_enabled": false,
            "cache_control": "",
            "content": null,
            "content_base64": null,
            "content_disposition": "",
            "content_encoding": "",
            "content_language": "",
            "content_type": "binary/octet-stream",
            "etag": "448c34a56d699c29117adc64c43affeb",
            "force_destroy": false,
            "id": "static/media/glyphicons-halflings-regular.448c34a5.woff2",
            "key": "static/media/glyphicons-halflings-regular.448c34a5.woff2",
            "kms_key_id": null,
            "metadata": {},
            "object_lock_legal_hold_status": "",
            "object_lock_mode": "",
            "object_lock_retain_until_date": "",
            "server_side_encryption": "AES256",
            "source": "./react-app-frontend/build//static/media/glyphicons-halflings-regular.448c34a5.woff2",
            "source_hash": null,
            "storage_class": "STANDARD",
            "tags": {},
            "tags_all": {},
            "version_id": "",
            "website_redirect": ""
          },
          "sensitive_attributes": [],
          "private": "bnVsbA==",
          "dependencies": [
            "aws_s3_bucket.this",
            "aws_s3_bucket_object.folder",
            "aws_s3_bucket_object.nested_folder3"
          ]
        },
        {
          "index_key": "glyphicons-halflings-regular.89889688.svg",
          "schema_version": 0,
          "attributes": {
            "acl": "private",
            "bucket": "devel-bucket-courses",
            "bucket_key_enabled": false,
            "cache_control": "",
            "content": null,
            "content_base64": null,
            "content_disposition": "",
            "content_encoding": "",
            "content_language": "",
            "content_type": "binary/octet-stream",
            "etag": "89889688147bd7575d6327160d64e760",
            "force_destroy": false,
            "id": "static/media/glyphicons-halflings-regular.89889688.svg",
            "key": "static/media/glyphicons-halflings-regular.89889688.svg",
            "kms_key_id": null,
            "metadata": {},
            "object_lock_legal_hold_status": "",
            "object_lock_mode": "",
            "object_lock_retain_until_date": "",
            "server_side_encryption": "AES256",
            "source": "./react-app-frontend/build//static/media/glyphicons-halflings-regular.89889688.svg",
            "source_hash": null,
            "storage_class": "STANDARD",
            "tags": {},
            "tags_all": {},
            "version_id": "",
            "website_redirect": ""
          },
          "sensitive_attributes": [],
          "private": "bnVsbA==",
          "dependencies": [
            "aws_s3_bucket.this",
            "aws_s3_bucket_object.folder",
            "aws_s3_bucket_object.nested_folder3"
          ]
        },
        {
          "index_key": "glyphicons-halflings-regular.e18bbf61.ttf",
          "schema_version": 0,
          "attributes": {
            "acl": "private",
            "bucket": "devel-bucket-courses",
            "bucket_key_enabled": false,
            "cache_control": "",
            "content": null,
            "content_base64": null,
            "content_disposition": "",
            "content_encoding": "",
            "content_language": "",
            "content_type": "binary/octet-stream",
            "etag": "e18bbf611f2a2e43afc071aa2f4e1512",
            "force_destroy": false,
            "id": "static/media/glyphicons-halflings-regular.e18bbf61.ttf",
            "key": "static/media/glyphicons-halflings-regular.e18bbf61.ttf",
            "kms_key_id": null,
            "metadata": {},
            "object_lock_legal_hold_status": "",
            "object_lock_mode": "",
            "object_lock_retain_until_date": "",
            "server_side_encryption": "AES256",
            "source": "./react-app-frontend/build//static/media/glyphicons-halflings-regular.e18bbf61.ttf",
            "source_hash": null,
            "storage_class": "STANDARD",
            "tags": {},
            "tags_all": {},
            "version_id": "",
            "website_redirect": ""
          },
          "sensitive_attributes": [],
          "private": "bnVsbA==",
          "dependencies": [
            "aws_s3_bucket.this",
            "aws_s3_bucket_object.folder",
            "aws_s3_bucket_object.nested_folder3"
          ]
        },
        {
          "index_key": "glyphicons-halflings-regular.f4769f9b.eot",
          "schema_version": 0,
          "attributes": {
            "acl": "private",
            "bucket": "devel-bucket-courses",
            "bucket_key_enabled": false,
            "cache_control": "",
            "content": null,
            "content_base64": null,
            "content_disposition": "",
            "content_encoding": "",
            "content_language": "",
            "content_type": "binary/octet-stream",
            "etag": "f4769f9bdb7466be65088239c12046d1",
            "force_destroy": false,
            "id": "static/media/glyphicons-halflings-regular.f4769f9b.eot",
            "key": "static/media/glyphicons-halflings-regular.f4769f9b.eot",
            "kms_key_id": null,
            "metadata": {},
            "object_lock_legal_hold_status": "",
            "object_lock_mode": "",
            "object_lock_retain_until_date": "",
            "server_side_encryption": "AES256",
            "source": "./react-app-frontend/build//static/media/glyphicons-halflings-regular.f4769f9b.eot",
            "source_hash": null,
            "storage_class": "STANDARD",
            "tags": {},
            "tags_all": {},
            "version_id": "",
            "website_redirect": ""
          },
          "sensitive_attributes": [],
          "private": "bnVsbA==",
          "dependencies": [
            "aws_s3_bucket.this",
            "aws_s3_bucket_object.folder",
            "aws_s3_bucket_object.nested_folder3"
          ]
        },
        {
          "index_key": "glyphicons-halflings-regular.fa277232.woff",
          "schema_version": 0,
          "attributes": {
            "acl": "private",
            "bucket": "devel-bucket-courses",
            "bucket_key_enabled": false,
            "cache_control": "",
            "content": null,
            "content_base64": null,
            "content_disposition": "",
            "content_encoding": "",
            "content_language": "",
            "content_type": "binary/octet-stream",
            "etag": "fa2772327f55d8198301fdb8bcfc8158",
            "force_destroy": false,
            "id": "static/media/glyphicons-halflings-regular.fa277232.woff",
            "key": "static/media/glyphicons-halflings-regular.fa277232.woff",
            "kms_key_id": null,
            "metadata": {},
            "object_lock_legal_hold_status": "",
            "object_lock_mode": "",
            "object_lock_retain_until_date": "",
            "server_side_encryption": "AES256",
            "source": "./react-app-frontend/build//static/media/glyphicons-halflings-regular.fa277232.woff",
            "source_hash": null,
            "storage_class": "STANDARD",
            "tags": {},
            "tags_all": {},
            "version_id": "",
            "website_redirect": ""
          },
          "sensitive_attributes": [],
          "private": "bnVsbA==",
          "dependencies": [
            "aws_s3_bucket.this",
            "aws_s3_bucket_object.folder",
            "aws_s3_bucket_object.nested_folder3"
          ]
        }
      ]
    },
    {
      "mode": "managed",
      "type": "aws_s3_bucket_object",
      "name": "folder",
      "provider": "provider[\"registry.terraform.io/hashicorp/aws\"]",
      "instances": [
        {
          "schema_version": 0,
          "attributes": {
            "acl": "private",
            "bucket": "devel-bucket-courses",
            "bucket_key_enabled": false,
            "cache_control": "",
            "content": null,
            "content_base64": null,
            "content_disposition": "",
            "content_encoding": "",
            "content_language": "",
            "content_type": "application/x-directory",
            "etag": "d41d8cd98f00b204e9800998ecf8427e",
            "force_destroy": false,
            "id": "static/",
            "key": "static/",
            "kms_key_id": null,
            "metadata": {},
            "object_lock_legal_hold_status": "",
            "object_lock_mode": "",
            "object_lock_retain_until_date": "",
            "server_side_encryption": "AES256",
            "source": null,
            "source_hash": null,
            "storage_class": "STANDARD",
            "tags": {},
            "tags_all": {},
            "version_id": "",
            "website_redirect": ""
          },
          "sensitive_attributes": [],
          "private": "bnVsbA==",
          "dependencies": [
            "aws_s3_bucket.this"
          ]
        }
      ]
    },
    {
      "mode": "managed",
      "type": "aws_s3_bucket_object",
      "name": "nested_folder1",
      "provider": "provider[\"registry.terraform.io/hashicorp/aws\"]",
      "instances": [
        {
          "schema_version": 0,
          "attributes": {
            "acl": "private",
            "bucket": "devel-bucket-courses",
            "bucket_key_enabled": false,
            "cache_control": "",
            "content": null,
            "content_base64": null,
            "content_disposition": "",
            "content_encoding": "",
            "content_language": "",
            "content_type": "application/x-directory/",
            "etag": "d41d8cd98f00b204e9800998ecf8427e",
            "force_destroy": false,
            "id": "static/css/",
            "key": "static/css/",
            "kms_key_id": null,
            "metadata": {},
            "object_lock_legal_hold_status": "",
            "object_lock_mode": "",
            "object_lock_retain_until_date": "",
            "server_side_encryption": "AES256",
            "source": null,
            "source_hash": null,
            "storage_class": "STANDARD",
            "tags": {},
            "tags_all": {},
            "version_id": "",
            "website_redirect": ""
          },
          "sensitive_attributes": [],
          "private": "bnVsbA==",
          "dependencies": [
            "aws_s3_bucket.this",
            "aws_s3_bucket_object.folder"
          ]
        }
      ]
    },
    {
      "mode": "managed",
      "type": "aws_s3_bucket_object",
      "name": "nested_folder2",
      "provider": "provider[\"registry.terraform.io/hashicorp/aws\"]",
      "instances": [
        {
          "schema_version": 0,
          "attributes": {
            "acl": "private",
            "bucket": "devel-bucket-courses",
            "bucket_key_enabled": false,
            "cache_control": "",
            "content": null,
            "content_base64": null,
            "content_disposition": "",
            "content_encoding": "",
            "content_language": "",
            "content_type": "application/x-directory/",
            "etag": "d41d8cd98f00b204e9800998ecf8427e",
            "force_destroy": false,
            "id": "static/js/",
            "key": "static/js/",
            "kms_key_id": null,
            "metadata": {},
            "object_lock_legal_hold_status": "",
            "object_lock_mode": "",
            "object_lock_retain_until_date": "",
            "server_side_encryption": "AES256",
            "source": null,
            "source_hash": null,
            "storage_class": "STANDARD",
            "tags": {},
            "tags_all": {},
            "version_id": "",
            "website_redirect": ""
          },
          "sensitive_attributes": [],
          "private": "bnVsbA==",
          "dependencies": [
            "aws_s3_bucket.this",
            "aws_s3_bucket_object.folder"
          ]
        }
      ]
    },
    {
      "mode": "managed",
      "type": "aws_s3_bucket_object",
      "name": "nested_folder3",
      "provider": "provider[\"registry.terraform.io/hashicorp/aws\"]",
      "instances": [
        {
          "schema_version": 0,
          "attributes": {
            "acl": "private",
            "bucket": "devel-bucket-courses",
            "bucket_key_enabled": false,
            "cache_control": "",
            "content": null,
            "content_base64": null,
            "content_disposition": "",
            "content_encoding": "",
            "content_language": "",
            "content_type": "application/x-directory/",
            "etag": "d41d8cd98f00b204e9800998ecf8427e",
            "force_destroy": false,
            "id": "static/media/",
            "key": "static/media/",
            "kms_key_id": null,
            "metadata": {},
            "object_lock_legal_hold_status": "",
            "object_lock_mode": "",
            "object_lock_retain_until_date": "",
            "server_side_encryption": "AES256",
            "source": null,
            "source_hash": null,
            "storage_class": "STANDARD",
            "tags": {},
            "tags_all": {},
            "version_id": "",
            "website_redirect": ""
          },
          "sensitive_attributes": [],
          "private": "bnVsbA==",
          "dependencies": [
            "aws_s3_bucket.this",
            "aws_s3_bucket_object.folder"
          ]
        }
      ]
    },
    {
      "mode": "managed",
      "type": "aws_s3_bucket_policy",
      "name": "allow_access",
      "provider": "provider[\"registry.terraform.io/hashicorp/aws\"]",
      "instances": [
        {
          "schema_version": 0,
          "attributes": {
            "bucket": "devel-bucket-courses",
            "id": "devel-bucket-courses",
            "policy": "{\"Id\":\"PolicyForCourses\",\"Statement\":[{\"Action\":\"s3:GetObject\",\"Effect\":\"Allow\",\"Principal\":\"*\",\"Resource\":\"arn:aws:s3:::devel-bucket-courses/*\",\"Sid\":\"AllowCloudFrontServicePrincipal\"}],\"Version\":\"2012-10-17\"}"
          },
          "sensitive_attributes": [],
          "private": "bnVsbA==",
          "dependencies": [
            "aws_s3_bucket.this",
            "data.aws_iam_policy_document.allow_access"
          ]
        }
      ]
    },
    {
      "mode": "managed",
      "type": "aws_s3_bucket_website_configuration",
      "name": "this",
      "provider": "provider[\"registry.terraform.io/hashicorp/aws\"]",
      "instances": [
        {
          "schema_version": 0,
          "attributes": {
            "bucket": "devel-bucket-courses",
            "error_document": [
              {
                "key": "index.html"
              }
            ],
            "expected_bucket_owner": "",
            "id": "devel-bucket-courses",
            "index_document": [
              {
                "suffix": "index.html"
              }
            ],
            "redirect_all_requests_to": [],
            "routing_rule": [],
            "routing_rules": "",
            "website_domain": "s3-website.eu-central-1.amazonaws.com",
            "website_endpoint": "devel-bucket-courses.s3-website.eu-central-1.amazonaws.com"
          },
          "sensitive_attributes": [],
          "private": "bnVsbA==",
          "dependencies": [
            "aws_s3_bucket.this"
          ]
        }
      ]
    },
    {
      "module": "module.api-gateway-courses",
      "mode": "data",
      "type": "aws_caller_identity",
      "name": "this",
      "provider": "provider[\"registry.terraform.io/hashicorp/aws\"]",
      "instances": [
        {
          "schema_version": 0,
          "attributes": {
            "account_id": "763268634072",
            "arn": "arn:aws:iam::763268634072:user/chyhyryk",
            "id": "763268634072",
            "user_id": "AIDA3DNS3CXMJEQZ6Y4ML"
          },
          "sensitive_attributes": []
        }
      ]
    },
    {
      "module": "module.api-gateway-courses",
      "mode": "managed",
      "type": "aws_api_gateway_deployment",
      "name": "this",
      "provider": "provider[\"registry.terraform.io/hashicorp/aws\"]",
      "instances": [
        {
          "schema_version": 0,
          "attributes": {
            "created_date": "2023-05-21T18:39:44Z",
            "description": "",
            "execution_arn": "arn:aws:execute-api:eu-central-1:763268634072:n8bowur5ah/",
            "id": "fp5jc0",
            "invoke_url": "https://n8bowur5ah.execute-api.eu-central-1.amazonaws.com/",
            "rest_api_id": "n8bowur5ah",
            "stage_description": null,
            "stage_name": null,
            "triggers": {
              "redeployment": "2be88ca4242c76e8253ac62474851065032d6833"
            },
            "variables": null
          },
          "sensitive_attributes": [],
          "private": "bnVsbA==",
          "dependencies": [
            "module.api-gateway-courses.aws_api_gateway_rest_api.this"
          ],
          "create_before_destroy": true
        }
      ]
    },
    {
      "module": "module.api-gateway-courses",
      "mode": "managed",
      "type": "aws_api_gateway_integration",
      "name": "cors",
      "provider": "provider[\"registry.terraform.io/hashicorp/aws\"]",
      "instances": [
        {
          "schema_version": 0,
          "attributes": {
            "cache_key_parameters": [],
            "cache_namespace": "i74c43",
            "connection_id": "",
            "connection_type": "INTERNET",
            "content_handling": "CONVERT_TO_TEXT",
            "credentials": "",
            "http_method": "OPTIONS",
            "id": "agi-n8bowur5ah-i74c43-OPTIONS",
            "integration_http_method": "",
            "passthrough_behavior": "WHEN_NO_MATCH",
            "request_parameters": {},
            "request_templates": {
              "application/json": "{\"statusCode\":200}"
            },
            "resource_id": "i74c43",
            "rest_api_id": "n8bowur5ah",
            "timeout_milliseconds": 29000,
            "tls_config": [],
            "type": "MOCK",
            "uri": ""
          },
          "sensitive_attributes": [],
          "private": "bnVsbA==",
          "dependencies": [
            "module.api-gateway-courses.aws_api_gateway_method.cors",
            "module.api-gateway-courses.aws_api_gateway_resource.this",
            "module.api-gateway-courses.aws_api_gateway_rest_api.this"
          ]
        }
      ]
    },
    {
      "module": "module.api-gateway-courses",
      "mode": "managed",
      "type": "aws_api_gateway_integration",
      "name": "cors2",
      "provider": "provider[\"registry.terraform.io/hashicorp/aws\"]",
      "instances": [
        {
          "schema_version": 0,
          "attributes": {
            "cache_key_parameters": [],
            "cache_namespace": "khb1e7",
            "connection_id": "",
            "connection_type": "INTERNET",
            "content_handling": "CONVERT_TO_TEXT",
            "credentials": "",
            "http_method": "OPTIONS",
            "id": "agi-n8bowur5ah-khb1e7-OPTIONS",
            "integration_http_method": "",
            "passthrough_behavior": "WHEN_NO_MATCH",
            "request_parameters": {},
            "request_templates": {
              "application/json": "{\"statusCode\":200}"
            },
            "resource_id": "khb1e7",
            "rest_api_id": "n8bowur5ah",
            "timeout_milliseconds": 29000,
            "tls_config": [],
            "type": "MOCK",
            "uri": ""
          },
          "sensitive_attributes": [],
          "private": "bnVsbA==",
          "dependencies": [
            "module.api-gateway-courses.aws_api_gateway_method.cors2",
            "module.api-gateway-courses.aws_api_gateway_resource.this",
            "module.api-gateway-courses.aws_api_gateway_resource.this2",
            "module.api-gateway-courses.aws_api_gateway_rest_api.this"
          ]
        }
      ]
    },
    {
      "module": "module.api-gateway-courses",
      "mode": "managed",
      "type": "aws_api_gateway_integration",
      "name": "cors3",
      "provider": "provider[\"registry.terraform.io/hashicorp/aws\"]",
      "instances": [
        {
          "schema_version": 0,
          "attributes": {
            "cache_key_parameters": [],
            "cache_namespace": "me5gf4",
            "connection_id": "",
            "connection_type": "INTERNET",
            "content_handling": "CONVERT_TO_TEXT",
            "credentials": "",
            "http_method": "OPTIONS",
            "id": "agi-n8bowur5ah-me5gf4-OPTIONS",
            "integration_http_method": "",
            "passthrough_behavior": "WHEN_NO_MATCH",
            "request_parameters": {},
            "request_templates": {
              "application/json": "{\"statusCode\":200}"
            },
            "resource_id": "me5gf4",
            "rest_api_id": "n8bowur5ah",
            "timeout_milliseconds": 29000,
            "tls_config": [],
            "type": "MOCK",
            "uri": ""
          },
          "sensitive_attributes": [],
          "private": "bnVsbA==",
          "dependencies": [
            "module.api-gateway-courses.aws_api_gateway_method.cors3",
            "module.api-gateway-courses.aws_api_gateway_resource.this3",
            "module.api-gateway-courses.aws_api_gateway_rest_api.this"
          ]
        }
      ]
    },
    {
      "module": "module.api-gateway-courses",
      "mode": "managed",
      "type": "aws_api_gateway_integration",
      "name": "this",
      "provider": "provider[\"registry.terraform.io/hashicorp/aws\"]",
      "instances": [
        {
          "schema_version": 0,
          "attributes": {
            "cache_key_parameters": [],
            "cache_namespace": "i74c43",
            "connection_id": "",
            "connection_type": "INTERNET",
            "content_handling": "",
            "credentials": "",
            "http_method": "POST",
            "id": "agi-n8bowur5ah-i74c43-POST",
            "integration_http_method": "POST",
            "passthrough_behavior": "WHEN_NO_MATCH",
            "request_parameters": {},
            "request_templates": {},
            "resource_id": "i74c43",
            "rest_api_id": "n8bowur5ah",
            "timeout_milliseconds": 29000,
            "tls_config": [],
            "type": "AWS",
            "uri": "arn:aws:apigateway:eu-central-1:lambda:path/2015-03-31/functions/arn:aws:lambda:eu-central-1:763268634072:function:save-course-lambda/invocations"
          },
          "sensitive_attributes": [],
          "private": "bnVsbA==",
          "dependencies": [
            "module.api-gateway-courses.aws_api_gateway_method.this",
            "module.api-gateway-courses.aws_api_gateway_resource.this",
            "module.api-gateway-courses.aws_api_gateway_rest_api.this",
            "module.delete-course.aws_iam_role.delete-course-lambda-role",
            "module.delete-course.aws_lambda_function.delete-course-lambda",
            "module.get-all-authors.aws_iam_role.get-all-authors-lambda-role",
            "module.get-all-authors.aws_lambda_function.get-all-authors-lambda",
            "module.get-all-courses.aws_iam_role.get-all-courses-lambda-role",
            "module.get-all-courses.aws_lambda_function.get-all-courses-lambda",
            "module.get-course.aws_iam_role.get-course-lambda-role",
            "module.get-course.aws_lambda_function.get-course-lambda",
            "module.save-course.aws_iam_role.save-course-lambda-role",
            "module.save-course.aws_lambda_function.save-course-lambda",
            "module.update-course.aws_iam_role.update-course-lambda-role",
            "module.update-course.aws_lambda_function.update-course-lambda"
          ]
        }
      ]
    },
    {
      "module": "module.api-gateway-courses",
      "mode": "managed",
      "type": "aws_api_gateway_integration",
      "name": "this2",
      "provider": "provider[\"registry.terraform.io/hashicorp/aws\"]",
      "instances": [
        {
          "schema_version": 0,
          "attributes": {
            "cache_key_parameters": [],
            "cache_namespace": "khb1e7",
            "connection_id": "",
            "connection_type": "INTERNET",
            "content_handling": "",
            "credentials": "",
            "http_method": "PUT",
            "id": "agi-n8bowur5ah-khb1e7-PUT",
            "integration_http_method": "POST",
            "passthrough_behavior": "WHEN_NO_TEMPLATES",
            "request_parameters": {},
            "request_templates": {
              "application/json": "{\n  \"id\": \"$input.params('id')\",\n  \"title\" : $input.json('$.title'),\n  \"authorId\" : $input.json('$.authorId'),\n  \"length\" : $input.json('$.length'),\n  \"category\" : $input.json('$.category'),\n  \"watchHref\" : $input.json('$.watchHref')\n}"
            },
            "resource_id": "khb1e7",
            "rest_api_id": "n8bowur5ah",
            "timeout_milliseconds": 29000,
            "tls_config": [],
            "type": "AWS",
            "uri": "arn:aws:apigateway:eu-central-1:lambda:path/2015-03-31/functions/arn:aws:lambda:eu-central-1:763268634072:function:update-course-lambda/invocations"
          },
          "sensitive_attributes": [],
          "private": "bnVsbA==",
          "dependencies": [
            "module.api-gateway-courses.aws_api_gateway_method.this2",
            "module.api-gateway-courses.aws_api_gateway_resource.this",
            "module.api-gateway-courses.aws_api_gateway_resource.this2",
            "module.api-gateway-courses.aws_api_gateway_rest_api.this",
            "module.delete-course.aws_iam_role.delete-course-lambda-role",
            "module.delete-course.aws_lambda_function.delete-course-lambda",
            "module.get-all-authors.aws_iam_role.get-all-authors-lambda-role",
            "module.get-all-authors.aws_lambda_function.get-all-authors-lambda",
            "module.get-all-courses.aws_iam_role.get-all-courses-lambda-role",
            "module.get-all-courses.aws_lambda_function.get-all-courses-lambda",
            "module.get-course.aws_iam_role.get-course-lambda-role",
            "module.get-course.aws_lambda_function.get-course-lambda",
            "module.save-course.aws_iam_role.save-course-lambda-role",
            "module.save-course.aws_lambda_function.save-course-lambda",
            "module.update-course.aws_iam_role.update-course-lambda-role",
            "module.update-course.aws_lambda_function.update-course-lambda"
          ]
        }
      ]
    },
    {
      "module": "module.api-gateway-courses",
      "mode": "managed",
      "type": "aws_api_gateway_integration",
      "name": "this3",
      "provider": "provider[\"registry.terraform.io/hashicorp/aws\"]",
      "instances": [
        {
          "schema_version": 0,
          "attributes": {
            "cache_key_parameters": [],
            "cache_namespace": "khb1e7",
            "connection_id": "",
            "connection_type": "INTERNET",
            "content_handling": "",
            "credentials": "",
            "http_method": "GET",
            "id": "agi-n8bowur5ah-khb1e7-GET",
            "integration_http_method": "POST",
            "passthrough_behavior": "WHEN_NO_TEMPLATES",
            "request_parameters": {},
            "request_templates": {
              "application/json": "{\n    \"id\": \"$input.params('id')\"\n}"
            },
            "resource_id": "khb1e7",
            "rest_api_id": "n8bowur5ah",
            "timeout_milliseconds": 29000,
            "tls_config": [],
            "type": "AWS",
            "uri": "arn:aws:apigateway:eu-central-1:lambda:path/2015-03-31/functions/arn:aws:lambda:eu-central-1:763268634072:function:get-course-lambda/invocations"
          },
          "sensitive_attributes": [],
          "private": "bnVsbA==",
          "dependencies": [
            "module.api-gateway-courses.aws_api_gateway_method.this3",
            "module.api-gateway-courses.aws_api_gateway_resource.this",
            "module.api-gateway-courses.aws_api_gateway_resource.this2",
            "module.api-gateway-courses.aws_api_gateway_rest_api.this",
            "module.delete-course.aws_iam_role.delete-course-lambda-role",
            "module.delete-course.aws_lambda_function.delete-course-lambda",
            "module.get-all-authors.aws_iam_role.get-all-authors-lambda-role",
            "module.get-all-authors.aws_lambda_function.get-all-authors-lambda",
            "module.get-all-courses.aws_iam_role.get-all-courses-lambda-role",
            "module.get-all-courses.aws_lambda_function.get-all-courses-lambda",
            "module.get-course.aws_iam_role.get-course-lambda-role",
            "module.get-course.aws_lambda_function.get-course-lambda",
            "module.save-course.aws_iam_role.save-course-lambda-role",
            "module.save-course.aws_lambda_function.save-course-lambda",
            "module.update-course.aws_iam_role.update-course-lambda-role",
            "module.update-course.aws_lambda_function.update-course-lambda"
          ]
        }
      ]
    },
    {
      "module": "module.api-gateway-courses",
      "mode": "managed",
      "type": "aws_api_gateway_integration",
      "name": "this4",
      "provider": "provider[\"registry.terraform.io/hashicorp/aws\"]",
      "instances": [
        {
          "schema_version": 0,
          "attributes": {
            "cache_key_parameters": [],
            "cache_namespace": "khb1e7",
            "connection_id": "",
            "connection_type": "INTERNET",
            "content_handling": "",
            "credentials": "",
            "http_method": "DELETE",
            "id": "agi-n8bowur5ah-khb1e7-DELETE",
            "integration_http_method": "POST",
            "passthrough_behavior": "WHEN_NO_TEMPLATES",
            "request_parameters": {},
            "request_templates": {
              "application/json": "{\n    \"id\": \"$input.params('id')\"\n}"
            },
            "resource_id": "khb1e7",
            "rest_api_id": "n8bowur5ah",
            "timeout_milliseconds": 29000,
            "tls_config": [],
            "type": "AWS",
            "uri": "arn:aws:apigateway:eu-central-1:lambda:path/2015-03-31/functions/arn:aws:lambda:eu-central-1:763268634072:function:delete-course-lambda/invocations"
          },
          "sensitive_attributes": [],
          "private": "bnVsbA==",
          "dependencies": [
            "module.api-gateway-courses.aws_api_gateway_method.this4",
            "module.api-gateway-courses.aws_api_gateway_resource.this",
            "module.api-gateway-courses.aws_api_gateway_resource.this2",
            "module.api-gateway-courses.aws_api_gateway_rest_api.this",
            "module.delete-course.aws_iam_role.delete-course-lambda-role",
            "module.delete-course.aws_lambda_function.delete-course-lambda",
            "module.get-all-authors.aws_iam_role.get-all-authors-lambda-role",
            "module.get-all-authors.aws_lambda_function.get-all-authors-lambda",
            "module.get-all-courses.aws_iam_role.get-all-courses-lambda-role",
            "module.get-all-courses.aws_lambda_function.get-all-courses-lambda",
            "module.get-course.aws_iam_role.get-course-lambda-role",
            "module.get-course.aws_lambda_function.get-course-lambda",
            "module.save-course.aws_iam_role.save-course-lambda-role",
            "module.save-course.aws_lambda_function.save-course-lambda",
            "module.update-course.aws_iam_role.update-course-lambda-role",
            "module.update-course.aws_lambda_function.update-course-lambda"
          ]
        }
      ]
    },
    {
      "module": "module.api-gateway-courses",
      "mode": "managed",
      "type": "aws_api_gateway_integration",
      "name": "this5",
      "provider": "provider[\"registry.terraform.io/hashicorp/aws\"]",
      "instances": [
        {
          "schema_version": 0,
          "attributes": {
            "cache_key_parameters": [],
            "cache_namespace": "i74c43",
            "connection_id": "",
            "connection_type": "INTERNET",
            "content_handling": "",
            "credentials": "",
            "http_method": "GET",
            "id": "agi-n8bowur5ah-i74c43-GET",
            "integration_http_method": "POST",
            "passthrough_behavior": "WHEN_NO_MATCH",
            "request_parameters": {},
            "request_templates": {},
            "resource_id": "i74c43",
            "rest_api_id": "n8bowur5ah",
            "timeout_milliseconds": 29000,
            "tls_config": [],
            "type": "AWS",
            "uri": "arn:aws:apigateway:eu-central-1:lambda:path/2015-03-31/functions/arn:aws:lambda:eu-central-1:763268634072:function:get-all-courses-lambda/invocations"
          },
          "sensitive_attributes": [],
          "private": "bnVsbA==",
          "dependencies": [
            "module.api-gateway-courses.aws_api_gateway_method.this5",
            "module.api-gateway-courses.aws_api_gateway_resource.this",
            "module.api-gateway-courses.aws_api_gateway_rest_api.this",
            "module.delete-course.aws_iam_role.delete-course-lambda-role",
            "module.delete-course.aws_lambda_function.delete-course-lambda",
            "module.get-all-authors.aws_iam_role.get-all-authors-lambda-role",
            "module.get-all-authors.aws_lambda_function.get-all-authors-lambda",
            "module.get-all-courses.aws_iam_role.get-all-courses-lambda-role",
            "module.get-all-courses.aws_lambda_function.get-all-courses-lambda",
            "module.get-course.aws_iam_role.get-course-lambda-role",
            "module.get-course.aws_lambda_function.get-course-lambda",
            "module.save-course.aws_iam_role.save-course-lambda-role",
            "module.save-course.aws_lambda_function.save-course-lambda",
            "module.update-course.aws_iam_role.update-course-lambda-role",
            "module.update-course.aws_lambda_function.update-course-lambda"
          ]
        }
      ]
    },
    {
      "module": "module.api-gateway-courses",
      "mode": "managed",
      "type": "aws_api_gateway_integration",
      "name": "this6",
      "provider": "provider[\"registry.terraform.io/hashicorp/aws\"]",
      "instances": [
        {
          "schema_version": 0,
          "attributes": {
            "cache_key_parameters": [],
            "cache_namespace": "me5gf4",
            "connection_id": "",
            "connection_type": "INTERNET",
            "content_handling": "",
            "credentials": "",
            "http_method": "GET",
            "id": "agi-n8bowur5ah-me5gf4-GET",
            "integration_http_method": "POST",
            "passthrough_behavior": "WHEN_NO_MATCH",
            "request_parameters": {},
            "request_templates": {},
            "resource_id": "me5gf4",
            "rest_api_id": "n8bowur5ah",
            "timeout_milliseconds": 29000,
            "tls_config": [],
            "type": "AWS",
            "uri": "arn:aws:apigateway:eu-central-1:lambda:path/2015-03-31/functions/arn:aws:lambda:eu-central-1:763268634072:function:get-all-authors-lambda/invocations"
          },
          "sensitive_attributes": [],
          "private": "bnVsbA==",
          "dependencies": [
            "module.api-gateway-courses.aws_api_gateway_method.this6",
            "module.api-gateway-courses.aws_api_gateway_resource.this3",
            "module.api-gateway-courses.aws_api_gateway_rest_api.this",
            "module.delete-course.aws_iam_role.delete-course-lambda-role",
            "module.delete-course.aws_lambda_function.delete-course-lambda",
            "module.get-all-authors.aws_iam_role.get-all-authors-lambda-role",
            "module.get-all-authors.aws_lambda_function.get-all-authors-lambda",
            "module.get-all-courses.aws_iam_role.get-all-courses-lambda-role",
            "module.get-all-courses.aws_lambda_function.get-all-courses-lambda",
            "module.get-course.aws_iam_role.get-course-lambda-role",
            "module.get-course.aws_lambda_function.get-course-lambda",
            "module.save-course.aws_iam_role.save-course-lambda-role",
            "module.save-course.aws_lambda_function.save-course-lambda",
            "module.update-course.aws_iam_role.update-course-lambda-role",
            "module.update-course.aws_lambda_function.update-course-lambda"
          ]
        }
      ]
    },
    {
      "module": "module.api-gateway-courses",
      "mode": "managed",
      "type": "aws_api_gateway_integration_response",
      "name": "cors1",
      "provider": "provider[\"registry.terraform.io/hashicorp/aws\"]",
      "instances": [
        {
          "schema_version": 0,
          "attributes": {
            "content_handling": "",
            "http_method": "OPTIONS",
            "id": "agir-n8bowur5ah-i74c43-OPTIONS-200",
            "resource_id": "i74c43",
            "response_parameters": {
              "method.response.header.Access-Control-Allow-Headers": "'Authorization,Content-Type,X-Amz-Date,X-Amz-Security-Token,X-Api-Key'",
              "method.response.header.Access-Control-Allow-Methods": "'OPTIONS,HEAD,GET,POST,PUT,PATCH,DELETE'",
              "method.response.header.Access-Control-Allow-Origin": "'*'",
              "method.response.header.Access-Control-Max-Age": "'7200'"
            },
            "response_templates": {},
            "rest_api_id": "n8bowur5ah",
            "selection_pattern": "",
            "status_code": "200"
          },
          "sensitive_attributes": [],
          "private": "bnVsbA==",
          "dependencies": [
            "module.api-gateway-courses.aws_api_gateway_integration.cors",
            "module.api-gateway-courses.aws_api_gateway_method.cors",
            "module.api-gateway-courses.aws_api_gateway_method_response.cors",
            "module.api-gateway-courses.aws_api_gateway_resource.this",
            "module.api-gateway-courses.aws_api_gateway_rest_api.this"
          ]
        }
      ]
    },
    {
      "module": "module.api-gateway-courses",
      "mode": "managed",
      "type": "aws_api_gateway_integration_response",
      "name": "cors2",
      "provider": "provider[\"registry.terraform.io/hashicorp/aws\"]",
      "instances": [
        {
          "schema_version": 0,
          "attributes": {
            "content_handling": "",
            "http_method": "OPTIONS",
            "id": "agir-n8bowur5ah-khb1e7-OPTIONS-200",
            "resource_id": "khb1e7",
            "response_parameters": {
              "method.response.header.Access-Control-Allow-Headers": "'Authorization,Content-Type,X-Amz-Date,X-Amz-Security-Token,X-Api-Key'",
              "method.response.header.Access-Control-Allow-Methods": "'OPTIONS,HEAD,GET,POST,PUT,PATCH,DELETE'",
              "method.response.header.Access-Control-Allow-Origin": "'*'",
              "method.response.header.Access-Control-Max-Age": "'7200'"
            },
            "response_templates": {},
            "rest_api_id": "n8bowur5ah",
            "selection_pattern": "",
            "status_code": "200"
          },
          "sensitive_attributes": [],
          "private": "bnVsbA==",
          "dependencies": [
            "module.api-gateway-courses.aws_api_gateway_integration.cors2",
            "module.api-gateway-courses.aws_api_gateway_method.cors2",
            "module.api-gateway-courses.aws_api_gateway_method_response.cors2",
            "module.api-gateway-courses.aws_api_gateway_resource.this",
            "module.api-gateway-courses.aws_api_gateway_resource.this2",
            "module.api-gateway-courses.aws_api_gateway_rest_api.this"
          ]
        }
      ]
    },
    {
      "module": "module.api-gateway-courses",
      "mode": "managed",
      "type": "aws_api_gateway_integration_response",
      "name": "cors3",
      "provider": "provider[\"registry.terraform.io/hashicorp/aws\"]",
      "instances": [
        {
          "schema_version": 0,
          "attributes": {
            "content_handling": "",
            "http_method": "OPTIONS",
            "id": "agir-n8bowur5ah-me5gf4-OPTIONS-200",
            "resource_id": "me5gf4",
            "response_parameters": {
              "method.response.header.Access-Control-Allow-Headers": "'Authorization,Content-Type,X-Amz-Date,X-Amz-Security-Token,X-Api-Key'",
              "method.response.header.Access-Control-Allow-Methods": "'OPTIONS,HEAD,GET,POST,PUT,PATCH,DELETE'",
              "method.response.header.Access-Control-Allow-Origin": "'*'",
              "method.response.header.Access-Control-Max-Age": "'7200'"
            },
            "response_templates": {},
            "rest_api_id": "n8bowur5ah",
            "selection_pattern": "",
            "status_code": "200"
          },
          "sensitive_attributes": [],
          "private": "bnVsbA==",
          "dependencies": [
            "module.api-gateway-courses.aws_api_gateway_integration.cors3",
            "module.api-gateway-courses.aws_api_gateway_method.cors3",
            "module.api-gateway-courses.aws_api_gateway_method_response.cors3",
            "module.api-gateway-courses.aws_api_gateway_resource.this3",
            "module.api-gateway-courses.aws_api_gateway_rest_api.this"
          ]
        }
      ]
    },
    {
      "module": "module.api-gateway-courses",
      "mode": "managed",
      "type": "aws_api_gateway_integration_response",
      "name": "this",
      "provider": "provider[\"registry.terraform.io/hashicorp/aws\"]",
      "instances": [
        {
          "schema_version": 0,
          "attributes": {
            "content_handling": "",
            "http_method": "POST",
            "id": "agir-n8bowur5ah-i74c43-POST-200",
            "resource_id": "i74c43",
            "response_parameters": {
              "method.response.header.Access-Control-Allow-Origin": "'*'"
            },
            "response_templates": {},
            "rest_api_id": "n8bowur5ah",
            "selection_pattern": "",
            "status_code": "200"
          },
          "sensitive_attributes": [],
          "private": "bnVsbA==",
          "dependencies": [
            "module.api-gateway-courses.aws_api_gateway_method.this",
            "module.api-gateway-courses.aws_api_gateway_method_response.this",
            "module.api-gateway-courses.aws_api_gateway_resource.this",
            "module.api-gateway-courses.aws_api_gateway_rest_api.this"
          ]
        }
      ]
    },
    {
      "module": "module.api-gateway-courses",
      "mode": "managed",
      "type": "aws_api_gateway_integration_response",
      "name": "this2",
      "provider": "provider[\"registry.terraform.io/hashicorp/aws\"]",
      "instances": [
        {
          "schema_version": 0,
          "attributes": {
            "content_handling": "",
            "http_method": "PUT",
            "id": "agir-n8bowur5ah-khb1e7-PUT-200",
            "resource_id": "khb1e7",
            "response_parameters": {
              "method.response.header.Access-Control-Allow-Origin": "'*'"
            },
            "response_templates": {},
            "rest_api_id": "n8bowur5ah",
            "selection_pattern": "",
            "status_code": "200"
          },
          "sensitive_attributes": [],
          "private": "bnVsbA==",
          "dependencies": [
            "module.api-gateway-courses.aws_api_gateway_method.this2",
            "module.api-gateway-courses.aws_api_gateway_method_response.this2",
            "module.api-gateway-courses.aws_api_gateway_resource.this2",
            "module.api-gateway-courses.aws_api_gateway_rest_api.this"
          ]
        }
      ]
    },
    {
      "module": "module.api-gateway-courses",
      "mode": "managed",
      "type": "aws_api_gateway_integration_response",
      "name": "this3",
      "provider": "provider[\"registry.terraform.io/hashicorp/aws\"]",
      "instances": [
        {
          "schema_version": 0,
          "attributes": {
            "content_handling": "",
            "http_method": "GET",
            "id": "agir-n8bowur5ah-khb1e7-GET-200",
            "resource_id": "khb1e7",
            "response_parameters": {
              "method.response.header.Access-Control-Allow-Origin": "'*'"
            },
            "response_templates": {},
            "rest_api_id": "n8bowur5ah",
            "selection_pattern": "",
            "status_code": "200"
          },
          "sensitive_attributes": [],
          "private": "bnVsbA==",
          "dependencies": [
            "module.api-gateway-courses.aws_api_gateway_method.this3",
            "module.api-gateway-courses.aws_api_gateway_method_response.this3",
            "module.api-gateway-courses.aws_api_gateway_resource.this2",
            "module.api-gateway-courses.aws_api_gateway_rest_api.this"
          ]
        }
      ]
    },
    {
      "module": "module.api-gateway-courses",
      "mode": "managed",
      "type": "aws_api_gateway_integration_response",
      "name": "this4",
      "provider": "provider[\"registry.terraform.io/hashicorp/aws\"]",
      "instances": [
        {
          "schema_version": 0,
          "attributes": {
            "content_handling": "",
            "http_method": "DELETE",
            "id": "agir-n8bowur5ah-khb1e7-DELETE-200",
            "resource_id": "khb1e7",
            "response_parameters": {
              "method.response.header.Access-Control-Allow-Origin": "'*'"
            },
            "response_templates": {},
            "rest_api_id": "n8bowur5ah",
            "selection_pattern": "",
            "status_code": "200"
          },
          "sensitive_attributes": [],
          "private": "bnVsbA==",
          "dependencies": [
            "module.api-gateway-courses.aws_api_gateway_method.this4",
            "module.api-gateway-courses.aws_api_gateway_method_response.this4",
            "module.api-gateway-courses.aws_api_gateway_resource.this2",
            "module.api-gateway-courses.aws_api_gateway_rest_api.this"
          ]
        }
      ]
    },
    {
      "module": "module.api-gateway-courses",
      "mode": "managed",
      "type": "aws_api_gateway_integration_response",
      "name": "this5",
      "provider": "provider[\"registry.terraform.io/hashicorp/aws\"]",
      "instances": [
        {
          "schema_version": 0,
          "attributes": {
            "content_handling": "",
            "http_method": "GET",
            "id": "agir-n8bowur5ah-i74c43-GET-200",
            "resource_id": "i74c43",
            "response_parameters": {
              "method.response.header.Access-Control-Allow-Origin": "'*'"
            },
            "response_templates": {},
            "rest_api_id": "n8bowur5ah",
            "selection_pattern": "",
            "status_code": "200"
          },
          "sensitive_attributes": [],
          "private": "bnVsbA==",
          "dependencies": [
            "module.api-gateway-courses.aws_api_gateway_method.this5",
            "module.api-gateway-courses.aws_api_gateway_method_response.this5",
            "module.api-gateway-courses.aws_api_gateway_resource.this",
            "module.api-gateway-courses.aws_api_gateway_rest_api.this"
          ]
        }
      ]
    },
    {
      "module": "module.api-gateway-courses",
      "mode": "managed",
      "type": "aws_api_gateway_integration_response",
      "name": "this6",
      "provider": "provider[\"registry.terraform.io/hashicorp/aws\"]",
      "instances": [
        {
          "schema_version": 0,
          "attributes": {
            "content_handling": "",
            "http_method": "GET",
            "id": "agir-n8bowur5ah-me5gf4-GET-200",
            "resource_id": "me5gf4",
            "response_parameters": {
              "method.response.header.Access-Control-Allow-Origin": "'*'"
            },
            "response_templates": {},
            "rest_api_id": "n8bowur5ah",
            "selection_pattern": "",
            "status_code": "200"
          },
          "sensitive_attributes": [],
          "private": "bnVsbA==",
          "dependencies": [
            "module.api-gateway-courses.aws_api_gateway_method.this6",
            "module.api-gateway-courses.aws_api_gateway_method_response.this6",
            "module.api-gateway-courses.aws_api_gateway_resource.this3",
            "module.api-gateway-courses.aws_api_gateway_rest_api.this"
          ]
        }
      ]
    },
    {
      "module": "module.api-gateway-courses",
      "mode": "managed",
      "type": "aws_api_gateway_method",
      "name": "cors",
      "provider": "provider[\"registry.terraform.io/hashicorp/aws\"]",
      "instances": [
        {
          "schema_version": 0,
          "attributes": {
            "api_key_required": false,
            "authorization": "NONE",
            "authorization_scopes": [],
            "authorizer_id": "",
            "http_method": "OPTIONS",
            "id": "agm-n8bowur5ah-i74c43-OPTIONS",
            "operation_name": "",
            "request_models": {},
            "request_parameters": {},
            "request_validator_id": "",
            "resource_id": "i74c43",
            "rest_api_id": "n8bowur5ah"
          },
          "sensitive_attributes": [],
          "private": "bnVsbA==",
          "dependencies": [
            "module.api-gateway-courses.aws_api_gateway_resource.this",
            "module.api-gateway-courses.aws_api_gateway_rest_api.this"
          ]
        }
      ]
    },
    {
      "module": "module.api-gateway-courses",
      "mode": "managed",
      "type": "aws_api_gateway_method",
      "name": "cors2",
      "provider": "provider[\"registry.terraform.io/hashicorp/aws\"]",
      "instances": [
        {
          "schema_version": 0,
          "attributes": {
            "api_key_required": false,
            "authorization": "NONE",
            "authorization_scopes": [],
            "authorizer_id": "",
            "http_method": "OPTIONS",
            "id": "agm-n8bowur5ah-khb1e7-OPTIONS",
            "operation_name": "",
            "request_models": {},
            "request_parameters": {},
            "request_validator_id": "",
            "resource_id": "khb1e7",
            "rest_api_id": "n8bowur5ah"
          },
          "sensitive_attributes": [],
          "private": "bnVsbA==",
          "dependencies": [
            "module.api-gateway-courses.aws_api_gateway_resource.this",
            "module.api-gateway-courses.aws_api_gateway_resource.this2",
            "module.api-gateway-courses.aws_api_gateway_rest_api.this"
          ]
        }
      ]
    },
    {
      "module": "module.api-gateway-courses",
      "mode": "managed",
      "type": "aws_api_gateway_method",
      "name": "cors3",
      "provider": "provider[\"registry.terraform.io/hashicorp/aws\"]",
      "instances": [
        {
          "schema_version": 0,
          "attributes": {
            "api_key_required": false,
            "authorization": "NONE",
            "authorization_scopes": [],
            "authorizer_id": "",
            "http_method": "OPTIONS",
            "id": "agm-n8bowur5ah-me5gf4-OPTIONS",
            "operation_name": "",
            "request_models": {},
            "request_parameters": {},
            "request_validator_id": "",
            "resource_id": "me5gf4",
            "rest_api_id": "n8bowur5ah"
          },
          "sensitive_attributes": [],
          "private": "bnVsbA==",
          "dependencies": [
            "module.api-gateway-courses.aws_api_gateway_resource.this3",
            "module.api-gateway-courses.aws_api_gateway_rest_api.this"
          ]
        }
      ]
    },
    {
      "module": "module.api-gateway-courses",
      "mode": "managed",
      "type": "aws_api_gateway_method",
      "name": "this",
      "provider": "provider[\"registry.terraform.io/hashicorp/aws\"]",
      "instances": [
        {
          "schema_version": 0,
          "attributes": {
            "api_key_required": false,
            "authorization": "NONE",
            "authorization_scopes": [],
            "authorizer_id": "",
            "http_method": "POST",
            "id": "agm-n8bowur5ah-i74c43-POST",
            "operation_name": "",
            "request_models": {},
            "request_parameters": {},
            "request_validator_id": "",
            "resource_id": "i74c43",
            "rest_api_id": "n8bowur5ah"
          },
          "sensitive_attributes": [],
          "private": "bnVsbA==",
          "dependencies": [
            "module.api-gateway-courses.aws_api_gateway_resource.this",
            "module.api-gateway-courses.aws_api_gateway_rest_api.this"
          ]
        }
      ]
    },
    {
      "module": "module.api-gateway-courses",
      "mode": "managed",
      "type": "aws_api_gateway_method",
      "name": "this2",
      "provider": "provider[\"registry.terraform.io/hashicorp/aws\"]",
      "instances": [
        {
          "schema_version": 0,
          "attributes": {
            "api_key_required": false,
            "authorization": "NONE",
            "authorization_scopes": [],
            "authorizer_id": "",
            "http_method": "PUT",
            "id": "agm-n8bowur5ah-khb1e7-PUT",
            "operation_name": "",
            "request_models": {},
            "request_parameters": {},
            "request_validator_id": "",
            "resource_id": "khb1e7",
            "rest_api_id": "n8bowur5ah"
          },
          "sensitive_attributes": [],
          "private": "bnVsbA==",
          "dependencies": [
            "module.api-gateway-courses.aws_api_gateway_resource.this",
            "module.api-gateway-courses.aws_api_gateway_resource.this2",
            "module.api-gateway-courses.aws_api_gateway_rest_api.this"
          ]
        }
      ]
    },
    {
      "module": "module.api-gateway-courses",
      "mode": "managed",
      "type": "aws_api_gateway_method",
      "name": "this3",
      "provider": "provider[\"registry.terraform.io/hashicorp/aws\"]",
      "instances": [
        {
          "schema_version": 0,
          "attributes": {
            "api_key_required": false,
            "authorization": "NONE",
            "authorization_scopes": [],
            "authorizer_id": "",
            "http_method": "GET",
            "id": "agm-n8bowur5ah-khb1e7-GET",
            "operation_name": "",
            "request_models": {},
            "request_parameters": {},
            "request_validator_id": "",
            "resource_id": "khb1e7",
            "rest_api_id": "n8bowur5ah"
          },
          "sensitive_attributes": [],
          "private": "bnVsbA==",
          "dependencies": [
            "module.api-gateway-courses.aws_api_gateway_resource.this",
            "module.api-gateway-courses.aws_api_gateway_resource.this2",
            "module.api-gateway-courses.aws_api_gateway_rest_api.this"
          ]
        }
      ]
    },
    {
      "module": "module.api-gateway-courses",
      "mode": "managed",
      "type": "aws_api_gateway_method",
      "name": "this4",
      "provider": "provider[\"registry.terraform.io/hashicorp/aws\"]",
      "instances": [
        {
          "schema_version": 0,
          "attributes": {
            "api_key_required": false,
            "authorization": "NONE",
            "authorization_scopes": [],
            "authorizer_id": "",
            "http_method": "DELETE",
            "id": "agm-n8bowur5ah-khb1e7-DELETE",
            "operation_name": "",
            "request_models": {},
            "request_parameters": {},
            "request_validator_id": "",
            "resource_id": "khb1e7",
            "rest_api_id": "n8bowur5ah"
          },
          "sensitive_attributes": [],
          "private": "bnVsbA==",
          "dependencies": [
            "module.api-gateway-courses.aws_api_gateway_resource.this",
            "module.api-gateway-courses.aws_api_gateway_resource.this2",
            "module.api-gateway-courses.aws_api_gateway_rest_api.this"
          ]
        }
      ]
    },
    {
      "module": "module.api-gateway-courses",
      "mode": "managed",
      "type": "aws_api_gateway_method",
      "name": "this5",
      "provider": "provider[\"registry.terraform.io/hashicorp/aws\"]",
      "instances": [
        {
          "schema_version": 0,
          "attributes": {
            "api_key_required": false,
            "authorization": "NONE",
            "authorization_scopes": [],
            "authorizer_id": "",
            "http_method": "GET",
            "id": "agm-n8bowur5ah-i74c43-GET",
            "operation_name": "",
            "request_models": {},
            "request_parameters": {},
            "request_validator_id": "",
            "resource_id": "i74c43",
            "rest_api_id": "n8bowur5ah"
          },
          "sensitive_attributes": [],
          "private": "bnVsbA==",
          "dependencies": [
            "module.api-gateway-courses.aws_api_gateway_resource.this",
            "module.api-gateway-courses.aws_api_gateway_rest_api.this"
          ]
        }
      ]
    },
    {
      "module": "module.api-gateway-courses",
      "mode": "managed",
      "type": "aws_api_gateway_method",
      "name": "this6",
      "provider": "provider[\"registry.terraform.io/hashicorp/aws\"]",
      "instances": [
        {
          "schema_version": 0,
          "attributes": {
            "api_key_required": false,
            "authorization": "NONE",
            "authorization_scopes": [],
            "authorizer_id": "",
            "http_method": "GET",
            "id": "agm-n8bowur5ah-me5gf4-GET",
            "operation_name": "",
            "request_models": {},
            "request_parameters": {},
            "request_validator_id": "",
            "resource_id": "me5gf4",
            "rest_api_id": "n8bowur5ah"
          },
          "sensitive_attributes": [],
          "private": "bnVsbA==",
          "dependencies": [
            "module.api-gateway-courses.aws_api_gateway_resource.this3",
            "module.api-gateway-courses.aws_api_gateway_rest_api.this"
          ]
        }
      ]
    },
    {
      "module": "module.api-gateway-courses",
      "mode": "managed",
      "type": "aws_api_gateway_method_response",
      "name": "cors",
      "provider": "provider[\"registry.terraform.io/hashicorp/aws\"]",
      "instances": [
        {
          "schema_version": 0,
          "attributes": {
            "http_method": "OPTIONS",
            "id": "agmr-n8bowur5ah-i74c43-OPTIONS-200",
            "resource_id": "i74c43",
            "response_models": {
              "application/json": "Empty"
            },
            "response_parameters": {
              "method.response.header.Access-Control-Allow-Headers": false,
              "method.response.header.Access-Control-Allow-Methods": false,
              "method.response.header.Access-Control-Allow-Origin": false,
              "method.response.header.Access-Control-Max-Age": true
            },
            "rest_api_id": "n8bowur5ah",
            "status_code": "200"
          },
          "sensitive_attributes": [],
          "private": "bnVsbA==",
          "dependencies": [
            "module.api-gateway-courses.aws_api_gateway_integration.cors",
            "module.api-gateway-courses.aws_api_gateway_method.cors",
            "module.api-gateway-courses.aws_api_gateway_resource.this",
            "module.api-gateway-courses.aws_api_gateway_rest_api.this"
          ]
        }
      ]
    },
    {
      "module": "module.api-gateway-courses",
      "mode": "managed",
      "type": "aws_api_gateway_method_response",
      "name": "cors2",
      "provider": "provider[\"registry.terraform.io/hashicorp/aws\"]",
      "instances": [
        {
          "schema_version": 0,
          "attributes": {
            "http_method": "OPTIONS",
            "id": "agmr-n8bowur5ah-khb1e7-OPTIONS-200",
            "resource_id": "khb1e7",
            "response_models": {
              "application/json": "Empty"
            },
            "response_parameters": {
              "method.response.header.Access-Control-Allow-Headers": false,
              "method.response.header.Access-Control-Allow-Methods": false,
              "method.response.header.Access-Control-Allow-Origin": false,
              "method.response.header.Access-Control-Max-Age": true
            },
            "rest_api_id": "n8bowur5ah",
            "status_code": "200"
          },
          "sensitive_attributes": [],
          "private": "bnVsbA==",
          "dependencies": [
            "module.api-gateway-courses.aws_api_gateway_integration.cors2",
            "module.api-gateway-courses.aws_api_gateway_method.cors2",
            "module.api-gateway-courses.aws_api_gateway_resource.this",
            "module.api-gateway-courses.aws_api_gateway_resource.this2",
            "module.api-gateway-courses.aws_api_gateway_rest_api.this"
          ]
        }
      ]
    },
    {
      "module": "module.api-gateway-courses",
      "mode": "managed",
      "type": "aws_api_gateway_method_response",
      "name": "cors3",
      "provider": "provider[\"registry.terraform.io/hashicorp/aws\"]",
      "instances": [
        {
          "schema_version": 0,
          "attributes": {
            "http_method": "OPTIONS",
            "id": "agmr-n8bowur5ah-me5gf4-OPTIONS-200",
            "resource_id": "me5gf4",
            "response_models": {
              "application/json": "Empty"
            },
            "response_parameters": {
              "method.response.header.Access-Control-Allow-Headers": false,
              "method.response.header.Access-Control-Allow-Methods": false,
              "method.response.header.Access-Control-Allow-Origin": false,
              "method.response.header.Access-Control-Max-Age": true
            },
            "rest_api_id": "n8bowur5ah",
            "status_code": "200"
          },
          "sensitive_attributes": [],
          "private": "bnVsbA==",
          "dependencies": [
            "module.api-gateway-courses.aws_api_gateway_integration.cors3",
            "module.api-gateway-courses.aws_api_gateway_method.cors3",
            "module.api-gateway-courses.aws_api_gateway_resource.this3",
            "module.api-gateway-courses.aws_api_gateway_rest_api.this"
          ]
        }
      ]
    },
    {
      "module": "module.api-gateway-courses",
      "mode": "managed",
      "type": "aws_api_gateway_method_response",
      "name": "this",
      "provider": "provider[\"registry.terraform.io/hashicorp/aws\"]",
      "instances": [
        {
          "schema_version": 0,
          "attributes": {
            "http_method": "POST",
            "id": "agmr-n8bowur5ah-i74c43-POST-200",
            "resource_id": "i74c43",
            "response_models": {
              "application/json": "Empty"
            },
            "response_parameters": {
              "method.response.header.Access-Control-Allow-Origin": false
            },
            "rest_api_id": "n8bowur5ah",
            "status_code": "200"
          },
          "sensitive_attributes": [],
          "private": "bnVsbA==",
          "dependencies": [
            "module.api-gateway-courses.aws_api_gateway_method.this",
            "module.api-gateway-courses.aws_api_gateway_resource.this",
            "module.api-gateway-courses.aws_api_gateway_rest_api.this"
          ]
        }
      ]
    },
    {
      "module": "module.api-gateway-courses",
      "mode": "managed",
      "type": "aws_api_gateway_method_response",
      "name": "this2",
      "provider": "provider[\"registry.terraform.io/hashicorp/aws\"]",
      "instances": [
        {
          "schema_version": 0,
          "attributes": {
            "http_method": "PUT",
            "id": "agmr-n8bowur5ah-khb1e7-PUT-200",
            "resource_id": "khb1e7",
            "response_models": {
              "application/json": "Empty"
            },
            "response_parameters": {
              "method.response.header.Access-Control-Allow-Origin": false
            },
            "rest_api_id": "n8bowur5ah",
            "status_code": "200"
          },
          "sensitive_attributes": [],
          "private": "bnVsbA==",
          "dependencies": [
            "module.api-gateway-courses.aws_api_gateway_method.this2",
            "module.api-gateway-courses.aws_api_gateway_resource.this2",
            "module.api-gateway-courses.aws_api_gateway_rest_api.this"
          ]
        }
      ]
    },
    {
      "module": "module.api-gateway-courses",
      "mode": "managed",
      "type": "aws_api_gateway_method_response",
      "name": "this3",
      "provider": "provider[\"registry.terraform.io/hashicorp/aws\"]",
      "instances": [
        {
          "schema_version": 0,
          "attributes": {
            "http_method": "GET",
            "id": "agmr-n8bowur5ah-khb1e7-GET-200",
            "resource_id": "khb1e7",
            "response_models": {
              "application/json": "Empty"
            },
            "response_parameters": {
              "method.response.header.Access-Control-Allow-Origin": false
            },
            "rest_api_id": "n8bowur5ah",
            "status_code": "200"
          },
          "sensitive_attributes": [],
          "private": "bnVsbA==",
          "dependencies": [
            "module.api-gateway-courses.aws_api_gateway_method.this3",
            "module.api-gateway-courses.aws_api_gateway_resource.this2",
            "module.api-gateway-courses.aws_api_gateway_rest_api.this"
          ]
        }
      ]
    },
    {
      "module": "module.api-gateway-courses",
      "mode": "managed",
      "type": "aws_api_gateway_method_response",
      "name": "this4",
      "provider": "provider[\"registry.terraform.io/hashicorp/aws\"]",
      "instances": [
        {
          "schema_version": 0,
          "attributes": {
            "http_method": "DELETE",
            "id": "agmr-n8bowur5ah-khb1e7-DELETE-200",
            "resource_id": "khb1e7",
            "response_models": {
              "application/json": "Empty"
            },
            "response_parameters": {
              "method.response.header.Access-Control-Allow-Origin": false
            },
            "rest_api_id": "n8bowur5ah",
            "status_code": "200"
          },
          "sensitive_attributes": [],
          "private": "bnVsbA==",
          "dependencies": [
            "module.api-gateway-courses.aws_api_gateway_method.this4",
            "module.api-gateway-courses.aws_api_gateway_resource.this2",
            "module.api-gateway-courses.aws_api_gateway_rest_api.this"
          ]
        }
      ]
    },
    {
      "module": "module.api-gateway-courses",
      "mode": "managed",
      "type": "aws_api_gateway_method_response",
      "name": "this5",
      "provider": "provider[\"registry.terraform.io/hashicorp/aws\"]",
      "instances": [
        {
          "schema_version": 0,
          "attributes": {
            "http_method": "GET",
            "id": "agmr-n8bowur5ah-i74c43-GET-200",
            "resource_id": "i74c43",
            "response_models": {
              "application/json": "Empty"
            },
            "response_parameters": {
              "method.response.header.Access-Control-Allow-Origin": false
            },
            "rest_api_id": "n8bowur5ah",
            "status_code": "200"
          },
          "sensitive_attributes": [],
          "private": "bnVsbA==",
          "dependencies": [
            "module.api-gateway-courses.aws_api_gateway_method.this5",
            "module.api-gateway-courses.aws_api_gateway_resource.this",
            "module.api-gateway-courses.aws_api_gateway_rest_api.this"
          ]
        }
      ]
    },
    {
      "module": "module.api-gateway-courses",
      "mode": "managed",
      "type": "aws_api_gateway_method_response",
      "name": "this6",
      "provider": "provider[\"registry.terraform.io/hashicorp/aws\"]",
      "instances": [
        {
          "schema_version": 0,
          "attributes": {
            "http_method": "GET",
            "id": "agmr-n8bowur5ah-me5gf4-GET-200",
            "resource_id": "me5gf4",
            "response_models": {
              "application/json": "Empty"
            },
            "response_parameters": {
              "method.response.header.Access-Control-Allow-Origin": false
            },
            "rest_api_id": "n8bowur5ah",
            "status_code": "200"
          },
          "sensitive_attributes": [],
          "private": "bnVsbA==",
          "dependencies": [
            "module.api-gateway-courses.aws_api_gateway_method.this6",
            "module.api-gateway-courses.aws_api_gateway_resource.this3",
            "module.api-gateway-courses.aws_api_gateway_rest_api.this"
          ]
        }
      ]
    },
    {
      "module": "module.api-gateway-courses",
      "mode": "managed",
      "type": "aws_api_gateway_model",
      "name": "this",
      "provider": "provider[\"registry.terraform.io/hashicorp/aws\"]",
      "instances": [
        {
          "schema_version": 0,
          "attributes": {
            "content_type": "application/json",
            "description": "a JSON schema",
            "id": "pvv1xj",
            "name": "savecourse",
            "rest_api_id": "n8bowur5ah",
            "schema": "{\n  \"$schema\": \"http://json-schema.org/schema#\",\n  \"title\": \"CourseInputModel\",\n  \"type\": \"object\",\n  \"properties\": {\n    \"title\": {\n      \"type\": \"string\"\n    },\n    \"authorId\": {\n      \"type\": \"string\"\n    },\n    \"length\": {\n      \"type\": \"string\"\n    },\n    \"category\": {\n      \"type\": \"string\"\n    }\n  },\n  \"required\": [\n    \"title\",\n    \"authorId\",\n    \"length\",\n    \"category\"\n  ]\n}"
          },
          "sensitive_attributes": [],
          "private": "bnVsbA==",
          "dependencies": [
            "module.api-gateway-courses.aws_api_gateway_rest_api.this"
          ]
        }
      ]
    },
    {
      "module": "module.api-gateway-courses",
      "mode": "managed",
      "type": "aws_api_gateway_resource",
      "name": "this",
      "provider": "provider[\"registry.terraform.io/hashicorp/aws\"]",
      "instances": [
        {
          "schema_version": 0,
          "attributes": {
            "id": "i74c43",
            "parent_id": "rxyzcpz83k",
            "path": "/courses",
            "path_part": "courses",
            "rest_api_id": "n8bowur5ah"
          },
          "sensitive_attributes": [],
          "private": "bnVsbA==",
          "dependencies": [
            "module.api-gateway-courses.aws_api_gateway_rest_api.this"
          ]
        }
      ]
    },
    {
      "module": "module.api-gateway-courses",
      "mode": "managed",
      "type": "aws_api_gateway_resource",
      "name": "this2",
      "provider": "provider[\"registry.terraform.io/hashicorp/aws\"]",
      "instances": [
        {
          "schema_version": 0,
          "attributes": {
            "id": "khb1e7",
            "parent_id": "i74c43",
            "path": "/courses/{id}",
            "path_part": "{id}",
            "rest_api_id": "n8bowur5ah"
          },
          "sensitive_attributes": [],
          "private": "bnVsbA==",
          "dependencies": [
            "module.api-gateway-courses.aws_api_gateway_resource.this",
            "module.api-gateway-courses.aws_api_gateway_rest_api.this"
          ]
        }
      ]
    },
    {
      "module": "module.api-gateway-courses",
      "mode": "managed",
      "type": "aws_api_gateway_resource",
      "name": "this3",
      "provider": "provider[\"registry.terraform.io/hashicorp/aws\"]",
      "instances": [
        {
          "schema_version": 0,
          "attributes": {
            "id": "me5gf4",
            "parent_id": "rxyzcpz83k",
            "path": "/authors",
            "path_part": "authors",
            "rest_api_id": "n8bowur5ah"
          },
          "sensitive_attributes": [],
          "private": "bnVsbA==",
          "dependencies": [
            "module.api-gateway-courses.aws_api_gateway_rest_api.this"
          ]
        }
      ]
    },
    {
      "module": "module.api-gateway-courses",
      "mode": "managed",
      "type": "aws_api_gateway_rest_api",
      "name": "this",
      "provider": "provider[\"registry.terraform.io/hashicorp/aws\"]",
      "instances": [
        {
          "schema_version": 0,
          "attributes": {
            "api_key_source": "HEADER",
            "arn": "arn:aws:apigateway:eu-central-1::/restapis/n8bowur5ah",
            "binary_media_types": [],
            "body": null,
            "created_date": "2023-05-21T18:39:12Z",
            "description": "Created for educational purspose",
            "disable_execute_api_endpoint": false,
            "endpoint_configuration": [
              {
                "types": [
                  "EDGE"
                ],
                "vpc_endpoint_ids": []
              }
            ],
            "execution_arn": "arn:aws:execute-api:eu-central-1:763268634072:n8bowur5ah",
            "id": "n8bowur5ah",
            "minimum_compression_size": -1,
            "name": "courses-api",
            "parameters": null,
            "policy": "",
            "put_rest_api_mode": null,
            "root_resource_id": "rxyzcpz83k",
            "tags": {},
            "tags_all": {}
          },
          "sensitive_attributes": [],
          "private": "bnVsbA==",
          "create_before_destroy": true
        }
      ]
    },
    {
      "module": "module.api-gateway-courses",
      "mode": "managed",
      "type": "aws_api_gateway_stage",
      "name": "this",
      "provider": "provider[\"registry.terraform.io/hashicorp/aws\"]",
      "instances": [
        {
          "schema_version": 0,
          "attributes": {
            "access_log_settings": [],
            "arn": "arn:aws:apigateway:eu-central-1::/restapis/n8bowur5ah/stages/developer-server",
            "cache_cluster_enabled": false,
            "cache_cluster_size": "",
            "canary_settings": [],
            "client_certificate_id": "",
            "deployment_id": "fp5jc0",
            "description": "",
            "documentation_version": "",
            "execution_arn": "arn:aws:execute-api:eu-central-1:763268634072:n8bowur5ah/developer-server",
            "id": "ags-n8bowur5ah-developer-server",
            "invoke_url": "https://n8bowur5ah.execute-api.eu-central-1.amazonaws.com/developer-server",
            "rest_api_id": "n8bowur5ah",
            "stage_name": "developer-server",
            "tags": {},
            "tags_all": {},
            "variables": {},
            "web_acl_arn": "",
            "xray_tracing_enabled": false
          },
          "sensitive_attributes": [],
          "private": "bnVsbA==",
          "dependencies": [
            "module.api-gateway-courses.aws_api_gateway_deployment.this",
            "module.api-gateway-courses.aws_api_gateway_rest_api.this"
          ]
        }
      ]
    },
    {
      "module": "module.api-gateway-courses",
      "mode": "managed",
      "type": "aws_lambda_permission",
      "name": "this",
      "provider": "provider[\"registry.terraform.io/hashicorp/aws\"]",
      "instances": [
        {
          "schema_version": 0,
          "attributes": {
            "action": "lambda:InvokeFunction",
            "event_source_token": null,
            "function_name": "save-course-lambda",
            "function_url_auth_type": null,
            "id": "AllowExecutionFromAPIGatewayForSaveCourse",
            "principal": "apigateway.amazonaws.com",
            "principal_org_id": null,
            "qualifier": "",
            "source_account": null,
            "source_arn": "arn:aws:execute-api:eu-central-1:763268634072:n8bowur5ah/*/POST/courses",
            "statement_id": "AllowExecutionFromAPIGatewayForSaveCourse",
            "statement_id_prefix": ""
          },
          "sensitive_attributes": [],
          "private": "bnVsbA==",
          "dependencies": [
            "module.api-gateway-courses.aws_api_gateway_method.this",
            "module.api-gateway-courses.aws_api_gateway_resource.this",
            "module.api-gateway-courses.aws_api_gateway_rest_api.this",
            "module.api-gateway-courses.data.aws_caller_identity.this",
            "module.delete-course.aws_iam_role.delete-course-lambda-role",
            "module.delete-course.aws_lambda_function.delete-course-lambda",
            "module.get-all-authors.aws_iam_role.get-all-authors-lambda-role",
            "module.get-all-authors.aws_lambda_function.get-all-authors-lambda",
            "module.get-all-courses.aws_iam_role.get-all-courses-lambda-role",
            "module.get-all-courses.aws_lambda_function.get-all-courses-lambda",
            "module.get-course.aws_iam_role.get-course-lambda-role",
            "module.get-course.aws_lambda_function.get-course-lambda",
            "module.save-course.aws_iam_role.save-course-lambda-role",
            "module.save-course.aws_lambda_function.save-course-lambda",
            "module.update-course.aws_iam_role.update-course-lambda-role",
            "module.update-course.aws_lambda_function.update-course-lambda"
          ]
        }
      ]
    },
    {
      "module": "module.api-gateway-courses",
      "mode": "managed",
      "type": "aws_lambda_permission",
      "name": "this2",
      "provider": "provider[\"registry.terraform.io/hashicorp/aws\"]",
      "instances": [
        {
          "schema_version": 0,
          "attributes": {
            "action": "lambda:InvokeFunction",
            "event_source_token": null,
            "function_name": "update-course-lambda",
            "function_url_auth_type": null,
            "id": "AllowExecutionFromAPIGatewayForUpdateCourse",
            "principal": "apigateway.amazonaws.com",
            "principal_org_id": null,
            "qualifier": "",
            "source_account": null,
            "source_arn": "arn:aws:execute-api:eu-central-1:763268634072:n8bowur5ah/*/PUT/courses/*",
            "statement_id": "AllowExecutionFromAPIGatewayForUpdateCourse",
            "statement_id_prefix": ""
          },
          "sensitive_attributes": [],
          "private": "bnVsbA==",
          "dependencies": [
            "module.api-gateway-courses.aws_api_gateway_method.this2",
            "module.api-gateway-courses.aws_api_gateway_resource.this",
            "module.api-gateway-courses.aws_api_gateway_resource.this2",
            "module.api-gateway-courses.aws_api_gateway_rest_api.this",
            "module.api-gateway-courses.data.aws_caller_identity.this",
            "module.delete-course.aws_iam_role.delete-course-lambda-role",
            "module.delete-course.aws_lambda_function.delete-course-lambda",
            "module.get-all-authors.aws_iam_role.get-all-authors-lambda-role",
            "module.get-all-authors.aws_lambda_function.get-all-authors-lambda",
            "module.get-all-courses.aws_iam_role.get-all-courses-lambda-role",
            "module.get-all-courses.aws_lambda_function.get-all-courses-lambda",
            "module.get-course.aws_iam_role.get-course-lambda-role",
            "module.get-course.aws_lambda_function.get-course-lambda",
            "module.save-course.aws_iam_role.save-course-lambda-role",
            "module.save-course.aws_lambda_function.save-course-lambda",
            "module.update-course.aws_iam_role.update-course-lambda-role",
            "module.update-course.aws_lambda_function.update-course-lambda"
          ]
        }
      ]
    },
    {
      "module": "module.api-gateway-courses",
      "mode": "managed",
      "type": "aws_lambda_permission",
      "name": "this3",
      "provider": "provider[\"registry.terraform.io/hashicorp/aws\"]",
      "instances": [
        {
          "schema_version": 0,
          "attributes": {
            "action": "lambda:InvokeFunction",
            "event_source_token": null,
            "function_name": "get-course-lambda",
            "function_url_auth_type": null,
            "id": "AllowExecutionFromAPIGatewayForUpdateCourse",
            "principal": "apigateway.amazonaws.com",
            "principal_org_id": null,
            "qualifier": "",
            "source_account": null,
            "source_arn": "arn:aws:execute-api:eu-central-1:763268634072:n8bowur5ah/*/GET/courses/*",
            "statement_id": "AllowExecutionFromAPIGatewayForUpdateCourse",
            "statement_id_prefix": ""
          },
          "sensitive_attributes": [],
          "private": "bnVsbA==",
          "dependencies": [
            "module.api-gateway-courses.aws_api_gateway_method.this3",
            "module.api-gateway-courses.aws_api_gateway_resource.this",
            "module.api-gateway-courses.aws_api_gateway_resource.this2",
            "module.api-gateway-courses.aws_api_gateway_rest_api.this",
            "module.api-gateway-courses.data.aws_caller_identity.this",
            "module.delete-course.aws_iam_role.delete-course-lambda-role",
            "module.delete-course.aws_lambda_function.delete-course-lambda",
            "module.get-all-authors.aws_iam_role.get-all-authors-lambda-role",
            "module.get-all-authors.aws_lambda_function.get-all-authors-lambda",
            "module.get-all-courses.aws_iam_role.get-all-courses-lambda-role",
            "module.get-all-courses.aws_lambda_function.get-all-courses-lambda",
            "module.get-course.aws_iam_role.get-course-lambda-role",
            "module.get-course.aws_lambda_function.get-course-lambda",
            "module.save-course.aws_iam_role.save-course-lambda-role",
            "module.save-course.aws_lambda_function.save-course-lambda",
            "module.update-course.aws_iam_role.update-course-lambda-role",
            "module.update-course.aws_lambda_function.update-course-lambda"
          ]
        }
      ]
    },
    {
      "module": "module.api-gateway-courses",
      "mode": "managed",
      "type": "aws_lambda_permission",
      "name": "this4",
      "provider": "provider[\"registry.terraform.io/hashicorp/aws\"]",
      "instances": [
        {
          "schema_version": 0,
          "attributes": {
            "action": "lambda:InvokeFunction",
            "event_source_token": null,
            "function_name": "delete-course-lambda",
            "function_url_auth_type": null,
            "id": "AllowExecutionFromAPIGatewayForDeleteCourse",
            "principal": "apigateway.amazonaws.com",
            "principal_org_id": null,
            "qualifier": "",
            "source_account": null,
            "source_arn": "arn:aws:execute-api:eu-central-1:763268634072:n8bowur5ah/*/DELETE/courses/*",
            "statement_id": "AllowExecutionFromAPIGatewayForDeleteCourse",
            "statement_id_prefix": ""
          },
          "sensitive_attributes": [],
          "private": "bnVsbA==",
          "dependencies": [
            "module.api-gateway-courses.aws_api_gateway_method.this4",
            "module.api-gateway-courses.aws_api_gateway_resource.this",
            "module.api-gateway-courses.aws_api_gateway_resource.this2",
            "module.api-gateway-courses.aws_api_gateway_rest_api.this",
            "module.api-gateway-courses.data.aws_caller_identity.this",
            "module.delete-course.aws_iam_role.delete-course-lambda-role",
            "module.delete-course.aws_lambda_function.delete-course-lambda",
            "module.get-all-authors.aws_iam_role.get-all-authors-lambda-role",
            "module.get-all-authors.aws_lambda_function.get-all-authors-lambda",
            "module.get-all-courses.aws_iam_role.get-all-courses-lambda-role",
            "module.get-all-courses.aws_lambda_function.get-all-courses-lambda",
            "module.get-course.aws_iam_role.get-course-lambda-role",
            "module.get-course.aws_lambda_function.get-course-lambda",
            "module.save-course.aws_iam_role.save-course-lambda-role",
            "module.save-course.aws_lambda_function.save-course-lambda",
            "module.update-course.aws_iam_role.update-course-lambda-role",
            "module.update-course.aws_lambda_function.update-course-lambda"
          ]
        }
      ]
    },
    {
      "module": "module.api-gateway-courses",
      "mode": "managed",
      "type": "aws_lambda_permission",
      "name": "this5",
      "provider": "provider[\"registry.terraform.io/hashicorp/aws\"]",
      "instances": [
        {
          "schema_version": 0,
          "attributes": {
            "action": "lambda:InvokeFunction",
            "event_source_token": null,
            "function_name": "get-all-courses-lambda",
            "function_url_auth_type": null,
            "id": "AllowExecutionFromAPIGatewayForGetAllcourse",
            "principal": "apigateway.amazonaws.com",
            "principal_org_id": null,
            "qualifier": "",
            "source_account": null,
            "source_arn": "arn:aws:execute-api:eu-central-1:763268634072:n8bowur5ah/*/GET/courses",
            "statement_id": "AllowExecutionFromAPIGatewayForGetAllcourse",
            "statement_id_prefix": ""
          },
          "sensitive_attributes": [],
          "private": "bnVsbA==",
          "dependencies": [
            "module.api-gateway-courses.aws_api_gateway_method.this5",
            "module.api-gateway-courses.aws_api_gateway_resource.this",
            "module.api-gateway-courses.aws_api_gateway_rest_api.this",
            "module.api-gateway-courses.data.aws_caller_identity.this",
            "module.delete-course.aws_iam_role.delete-course-lambda-role",
            "module.delete-course.aws_lambda_function.delete-course-lambda",
            "module.get-all-authors.aws_iam_role.get-all-authors-lambda-role",
            "module.get-all-authors.aws_lambda_function.get-all-authors-lambda",
            "module.get-all-courses.aws_iam_role.get-all-courses-lambda-role",
            "module.get-all-courses.aws_lambda_function.get-all-courses-lambda",
            "module.get-course.aws_iam_role.get-course-lambda-role",
            "module.get-course.aws_lambda_function.get-course-lambda",
            "module.save-course.aws_iam_role.save-course-lambda-role",
            "module.save-course.aws_lambda_function.save-course-lambda",
            "module.update-course.aws_iam_role.update-course-lambda-role",
            "module.update-course.aws_lambda_function.update-course-lambda"
          ]
        }
      ]
    },
    {
      "module": "module.api-gateway-courses",
      "mode": "managed",
      "type": "aws_lambda_permission",
      "name": "this6",
      "provider": "provider[\"registry.terraform.io/hashicorp/aws\"]",
      "instances": [
        {
          "schema_version": 0,
          "attributes": {
            "action": "lambda:InvokeFunction",
            "event_source_token": null,
            "function_name": "get-all-authors-lambda",
            "function_url_auth_type": null,
            "id": "AllowExecutionFromAPIGatewayForGetauthors",
            "principal": "apigateway.amazonaws.com",
            "principal_org_id": null,
            "qualifier": "",
            "source_account": null,
            "source_arn": "arn:aws:execute-api:eu-central-1:763268634072:n8bowur5ah/*/GET/authors",
            "statement_id": "AllowExecutionFromAPIGatewayForGetauthors",
            "statement_id_prefix": ""
          },
          "sensitive_attributes": [],
          "private": "bnVsbA==",
          "dependencies": [
            "module.api-gateway-courses.aws_api_gateway_method.this5",
            "module.api-gateway-courses.aws_api_gateway_resource.this",
            "module.api-gateway-courses.aws_api_gateway_resource.this3",
            "module.api-gateway-courses.aws_api_gateway_rest_api.this",
            "module.api-gateway-courses.data.aws_caller_identity.this",
            "module.delete-course.aws_iam_role.delete-course-lambda-role",
            "module.delete-course.aws_lambda_function.delete-course-lambda",
            "module.get-all-authors.aws_iam_role.get-all-authors-lambda-role",
            "module.get-all-authors.aws_lambda_function.get-all-authors-lambda",
            "module.get-all-courses.aws_iam_role.get-all-courses-lambda-role",
            "module.get-all-courses.aws_lambda_function.get-all-courses-lambda",
            "module.get-course.aws_iam_role.get-course-lambda-role",
            "module.get-course.aws_lambda_function.get-course-lambda",
            "module.save-course.aws_iam_role.save-course-lambda-role",
            "module.save-course.aws_lambda_function.save-course-lambda",
            "module.update-course.aws_iam_role.update-course-lambda-role",
            "module.update-course.aws_lambda_function.update-course-lambda"
          ]
        }
      ]
    },
    {
      "module": "module.author",
      "mode": "managed",
      "type": "aws_dynamodb_table",
      "name": "this",
      "provider": "provider[\"registry.terraform.io/hashicorp/aws\"]",
      "instances": [
        {
          "schema_version": 1,
          "attributes": {
            "arn": "arn:aws:dynamodb:eu-central-1:763268634072:table/developer-author",
            "attribute": [
              {
                "name": "id",
                "type": "S"
              }
            ],
            "billing_mode": "PAY_PER_REQUEST",
            "global_secondary_index": [],
            "hash_key": "id",
            "id": "developer-author",
            "local_secondary_index": [],
            "name": "developer-author",
            "point_in_time_recovery": [
              {
                "enabled": false
              }
            ],
            "range_key": null,
            "read_capacity": 0,
            "replica": [],
            "restore_date_time": null,
            "restore_source_name": null,
            "restore_to_latest_time": null,
            "server_side_encryption": [],
            "stream_arn": "",
            "stream_enabled": false,
            "stream_label": "",
            "stream_view_type": "",
            "table_class": "",
            "tags": {},
            "tags_all": {},
            "timeouts": null,
            "ttl": [
              {
                "attribute_name": "",
                "enabled": false
              }
            ],
            "write_capacity": 0
          },
          "sensitive_attributes": [],
          "private": "eyJlMmJmYjczMC1lY2FhLTExZTYtOGY4OC0zNDM2M2JjN2M0YzAiOnsiY3JlYXRlIjoxODAwMDAwMDAwMDAwLCJkZWxldGUiOjYwMDAwMDAwMDAwMCwidXBkYXRlIjozNjAwMDAwMDAwMDAwfSwic2NoZW1hX3ZlcnNpb24iOiIxIn0="
        }
      ]
    },
    {
      "module": "module.course",
      "mode": "managed",
      "type": "aws_dynamodb_table",
      "name": "this",
      "provider": "provider[\"registry.terraform.io/hashicorp/aws\"]",
      "instances": [
        {
          "schema_version": 1,
          "attributes": {
            "arn": "arn:aws:dynamodb:eu-central-1:763268634072:table/developer-course",
            "attribute": [
              {
                "name": "id",
                "type": "S"
              }
            ],
            "billing_mode": "PAY_PER_REQUEST",
            "global_secondary_index": [],
            "hash_key": "id",
            "id": "developer-course",
            "local_secondary_index": [],
            "name": "developer-course",
            "point_in_time_recovery": [
              {
                "enabled": false
              }
            ],
            "range_key": null,
            "read_capacity": 0,
            "replica": [],
            "restore_date_time": null,
            "restore_source_name": null,
            "restore_to_latest_time": null,
            "server_side_encryption": [],
            "stream_arn": "",
            "stream_enabled": false,
            "stream_label": "",
            "stream_view_type": "",
            "table_class": "",
            "tags": {},
            "tags_all": {},
            "timeouts": null,
            "ttl": [
              {
                "attribute_name": "",
                "enabled": false
              }
            ],
            "write_capacity": 0
          },
          "sensitive_attributes": [],
          "private": "eyJlMmJmYjczMC1lY2FhLTExZTYtOGY4OC0zNDM2M2JjN2M0YzAiOnsiY3JlYXRlIjoxODAwMDAwMDAwMDAwLCJkZWxldGUiOjYwMDAwMDAwMDAwMCwidXBkYXRlIjozNjAwMDAwMDAwMDAwfSwic2NoZW1hX3ZlcnNpb24iOiIxIn0="
        }
      ]
    },
    {
      "module": "module.delete-course",
      "mode": "data",
      "type": "archive_file",
      "name": "delete-course-lambda",
      "provider": "provider[\"registry.terraform.io/hashicorp/archive\"]",
      "instances": [
        {
          "schema_version": 0,
          "attributes": {
            "excludes": null,
            "id": "8a3bf1ba7e4231a68a08a6f7b4a602e8af40174d",
            "output_base64sha256": "vnDtq8N208y9bLlZF/JjkQ02OyohAD24gggn4nlZt1Y=",
            "output_file_mode": null,
            "output_md5": "ba489a67af06e42d593588279b3b30dc",
            "output_path": "lambda/delete-course/delete-course-lambda.zip",
            "output_sha": "8a3bf1ba7e4231a68a08a6f7b4a602e8af40174d",
            "output_size": 445,
            "source": [],
            "source_content": null,
            "source_content_filename": null,
            "source_dir": null,
            "source_file": "lambda/delete-course/delete-course-lambda.js",
            "type": "zip"
          },
          "sensitive_attributes": []
        }
      ]
    },
    {
      "module": "module.delete-course",
      "mode": "data",
      "type": "aws_arn",
      "name": "course-table",
      "provider": "provider[\"registry.terraform.io/hashicorp/aws\"]",
      "instances": [
        {
          "schema_version": 0,
          "attributes": {
            "account": "763268634072",
            "arn": "arn:aws:dynamodb:eu-central-1:763268634072:table/developer-course",
            "id": "arn:aws:dynamodb:eu-central-1:763268634072:table/developer-course",
            "partition": "aws",
            "region": "eu-central-1",
            "resource": "table/developer-course",
            "service": "dynamodb"
          },
          "sensitive_attributes": []
        }
      ]
    },
    {
      "module": "module.delete-course",
      "mode": "managed",
      "type": "aws_iam_role",
      "name": "delete-course-lambda-role",
      "provider": "provider[\"registry.terraform.io/hashicorp/aws\"]",
      "instances": [
        {
          "schema_version": 0,
          "attributes": {
            "arn": "arn:aws:iam::763268634072:role/delete-course-lambda-role",
            "assume_role_policy": "{\"Statement\":[{\"Action\":[\"sts:AssumeRole\"],\"Effect\":\"Allow\",\"Principal\":{\"Service\":[\"lambda.amazonaws.com\"]}}],\"Version\":\"2012-10-17\"}",
            "create_date": "2023-05-07T08:27:44Z",
            "description": "",
            "force_detach_policies": false,
            "id": "delete-course-lambda-role",
            "inline_policy": [
              {
                "name": "delete-course-lambda-policy",
                "policy": "{\"Version\":\"2012-10-17\",\"Statement\":[{\"Action\":[\"logs:CreateLogGroup\",\"logs:CreateLogStream\",\"logs:PutLogEvents\"],\"Effect\":\"Allow\",\"Resource\":\"arn:aws:logs:*:*:*\"},{\"Action\":\"dynamodb:DeleteItem\",\"Effect\":\"Allow\",\"Resource\":\"arn:aws:dynamodb:eu-central-1:763268634072:table/developer-course\"}]}"
              }
            ],
            "managed_policy_arns": [],
            "max_session_duration": 3600,
            "name": "delete-course-lambda-role",
            "name_prefix": "",
            "path": "/",
            "permissions_boundary": null,
            "tags": {},
            "tags_all": {},
            "unique_id": "AROA3DNS3CXMBLOCPF5QW"
          },
          "sensitive_attributes": [],
          "private": "bnVsbA=="
        }
      ]
    },
    {
      "module": "module.delete-course",
      "mode": "managed",
      "type": "aws_iam_role_policy",
      "name": "delete-course-lambda-policy",
      "provider": "provider[\"registry.terraform.io/hashicorp/aws\"]",
      "instances": [
        {
          "schema_version": 0,
          "attributes": {
            "id": "delete-course-lambda-role:delete-course-lambda-policy",
            "name": "delete-course-lambda-policy",
            "name_prefix": null,
            "policy": "{\"Version\":\"2012-10-17\",\"Statement\":[{\"Action\":[\"logs:CreateLogGroup\",\"logs:CreateLogStream\",\"logs:PutLogEvents\"],\"Effect\":\"Allow\",\"Resource\":\"arn:aws:logs:*:*:*\"},{\"Action\":\"dynamodb:DeleteItem\",\"Effect\":\"Allow\",\"Resource\":\"arn:aws:dynamodb:eu-central-1:763268634072:table/developer-course\"}]}",
            "role": "delete-course-lambda-role"
          },
          "sensitive_attributes": [],
          "private": "bnVsbA==",
          "dependencies": [
            "module.delete-course.aws_iam_role.delete-course-lambda-role",
            "module.delete-course.data.aws_arn.course-table"
          ]
        }
      ]
    },
    {
      "module": "module.delete-course",
      "mode": "managed",
      "type": "aws_lambda_function",
      "name": "delete-course-lambda",
      "provider": "provider[\"registry.terraform.io/hashicorp/aws\"]",
      "instances": [
        {
          "schema_version": 0,
          "attributes": {
            "architectures": [
              "x86_64"
            ],
            "arn": "arn:aws:lambda:eu-central-1:763268634072:function:delete-course-lambda",
            "code_signing_config_arn": "",
            "dead_letter_config": [],
            "description": "",
            "environment": [],
            "ephemeral_storage": [
              {
                "size": 512
              }
            ],
            "file_system_config": [],
            "filename": "lambda/delete-course/delete-course-lambda.zip",
            "function_name": "delete-course-lambda",
            "handler": "delete-course-lambda.handler",
            "id": "delete-course-lambda",
            "image_config": [],
            "image_uri": "",
            "invoke_arn": "arn:aws:apigateway:eu-central-1:lambda:path/2015-03-31/functions/arn:aws:lambda:eu-central-1:763268634072:function:delete-course-lambda/invocations",
            "kms_key_arn": "",
            "last_modified": "2023-05-21T18:39:13.265+0000",
            "layers": [],
            "memory_size": 128,
            "package_type": "Zip",
            "publish": false,
            "qualified_arn": "arn:aws:lambda:eu-central-1:763268634072:function:delete-course-lambda:$LATEST",
            "qualified_invoke_arn": "arn:aws:apigateway:eu-central-1:lambda:path/2015-03-31/functions/arn:aws:lambda:eu-central-1:763268634072:function:delete-course-lambda:$LATEST/invocations",
            "replace_security_groups_on_destroy": null,
            "replacement_security_group_ids": null,
            "reserved_concurrent_executions": -1,
            "role": "arn:aws:iam::763268634072:role/delete-course-lambda-role",
            "runtime": "nodejs12.x",
            "s3_bucket": null,
            "s3_key": null,
            "s3_object_version": null,
            "signing_job_arn": "",
            "signing_profile_version_arn": "",
            "skip_destroy": false,
            "snap_start": [],
            "source_code_hash": "vnDtq8N208y9bLlZF/JjkQ02OyohAD24gggn4nlZt1Y=",
            "source_code_size": 445,
            "tags": {},
            "tags_all": {},
            "timeout": 3,
            "timeouts": null,
            "tracing_config": [
              {
                "mode": "PassThrough"
              }
            ],
            "version": "$LATEST",
            "vpc_config": []
          },
          "sensitive_attributes": [],
          "private": "eyJlMmJmYjczMC1lY2FhLTExZTYtOGY4OC0zNDM2M2JjN2M0YzAiOnsiY3JlYXRlIjo2MDAwMDAwMDAwMDAsImRlbGV0ZSI6NjAwMDAwMDAwMDAwLCJ1cGRhdGUiOjYwMDAwMDAwMDAwMH19",
          "dependencies": [
            "module.delete-course.aws_iam_role.delete-course-lambda-role"
          ]
        }
      ]
    },
    {
      "module": "module.get-all-authors",
      "mode": "data",
      "type": "archive_file",
      "name": "get-all-authors-lambda",
      "provider": "provider[\"registry.terraform.io/hashicorp/archive\"]",
      "instances": [
        {
          "schema_version": 0,
          "attributes": {
            "excludes": null,
            "id": "6866de9a46f5eae2c84cb4c6db45639773ce7f4a",
            "output_base64sha256": "eLpL7+vBup8iShiSjB/kWfc7BxkXBfNYZsZGWr0QbDI=",
            "output_file_mode": null,
            "output_md5": "a09d69a749bee29c24a4717142708c38",
            "output_path": "lambda/get-all-authors/get-all-authors-lambda.zip",
            "output_sha": "6866de9a46f5eae2c84cb4c6db45639773ce7f4a",
            "output_size": 489,
            "source": [],
            "source_content": null,
            "source_content_filename": null,
            "source_dir": null,
            "source_file": "lambda/get-all-authors/get-all-authors-lambda.js",
            "type": "zip"
          },
          "sensitive_attributes": []
        }
      ]
    },
    {
      "module": "module.get-all-authors",
      "mode": "data",
      "type": "aws_arn",
      "name": "author-table",
      "provider": "provider[\"registry.terraform.io/hashicorp/aws\"]",
      "instances": [
        {
          "schema_version": 0,
          "attributes": {
            "account": "763268634072",
            "arn": "arn:aws:dynamodb:eu-central-1:763268634072:table/developer-author",
            "id": "arn:aws:dynamodb:eu-central-1:763268634072:table/developer-author",
            "partition": "aws",
            "region": "eu-central-1",
            "resource": "table/developer-author",
            "service": "dynamodb"
          },
          "sensitive_attributes": []
        }
      ]
    },
    {
      "module": "module.get-all-authors",
      "mode": "managed",
      "type": "aws_iam_role",
      "name": "get-all-authors-lambda-role",
      "provider": "provider[\"registry.terraform.io/hashicorp/aws\"]",
      "instances": [
        {
          "schema_version": 0,
          "attributes": {
            "arn": "arn:aws:iam::763268634072:role/get-all-authors-lambda-role",
            "assume_role_policy": "{\"Statement\":[{\"Action\":[\"sts:AssumeRole\"],\"Effect\":\"Allow\",\"Principal\":{\"Service\":[\"lambda.amazonaws.com\"]}}],\"Version\":\"2012-10-17\"}",
            "create_date": "2023-05-07T08:27:44Z",
            "description": "",
            "force_detach_policies": false,
            "id": "get-all-authors-lambda-role",
            "inline_policy": [
              {
                "name": "get-all-authors-lambda-policy",
                "policy": "{\"Version\":\"2012-10-17\",\"Statement\":[{\"Action\":[\"logs:CreateLogGroup\",\"logs:CreateLogStream\",\"logs:PutLogEvents\"],\"Effect\":\"Allow\",\"Resource\":\"arn:aws:logs:*:*:*\"},{\"Action\":\"dynamodb:Scan\",\"Effect\":\"Allow\",\"Resource\":\"arn:aws:dynamodb:eu-central-1:763268634072:table/developer-author\"}]}"
              }
            ],
            "managed_policy_arns": [],
            "max_session_duration": 3600,
            "name": "get-all-authors-lambda-role",
            "name_prefix": "",
            "path": "/",
            "permissions_boundary": null,
            "tags": {},
            "tags_all": {},
            "unique_id": "AROA3DNS3CXMEOADMW65I"
          },
          "sensitive_attributes": [],
          "private": "bnVsbA=="
        }
      ]
    },
    {
      "module": "module.get-all-authors",
      "mode": "managed",
      "type": "aws_iam_role_policy",
      "name": "get-all-authors-lambda-policy",
      "provider": "provider[\"registry.terraform.io/hashicorp/aws\"]",
      "instances": [
        {
          "schema_version": 0,
          "attributes": {
            "id": "get-all-authors-lambda-role:get-all-authors-lambda-policy",
            "name": "get-all-authors-lambda-policy",
            "name_prefix": null,
            "policy": "{\"Version\":\"2012-10-17\",\"Statement\":[{\"Action\":[\"logs:CreateLogGroup\",\"logs:CreateLogStream\",\"logs:PutLogEvents\"],\"Effect\":\"Allow\",\"Resource\":\"arn:aws:logs:*:*:*\"},{\"Action\":\"dynamodb:Scan\",\"Effect\":\"Allow\",\"Resource\":\"arn:aws:dynamodb:eu-central-1:763268634072:table/developer-author\"}]}",
            "role": "get-all-authors-lambda-role"
          },
          "sensitive_attributes": [],
          "private": "bnVsbA==",
          "dependencies": [
            "module.get-all-authors.aws_iam_role.get-all-authors-lambda-role",
            "module.get-all-authors.data.aws_arn.author-table"
          ]
        }
      ]
    },
    {
      "module": "module.get-all-authors",
      "mode": "managed",
      "type": "aws_lambda_function",
      "name": "get-all-authors-lambda",
      "provider": "provider[\"registry.terraform.io/hashicorp/aws\"]",
      "instances": [
        {
          "schema_version": 0,
          "attributes": {
            "architectures": [
              "x86_64"
            ],
            "arn": "arn:aws:lambda:eu-central-1:763268634072:function:get-all-authors-lambda",
            "code_signing_config_arn": "",
            "dead_letter_config": [],
            "description": "",
            "environment": [],
            "ephemeral_storage": [
              {
                "size": 512
              }
            ],
            "file_system_config": [],
            "filename": "lambda/get-all-authors/get-all-authors-lambda.zip",
            "function_name": "get-all-authors-lambda",
            "handler": "get-all-authors-lambda.handler",
            "id": "get-all-authors-lambda",
            "image_config": [],
            "image_uri": "",
            "invoke_arn": "arn:aws:apigateway:eu-central-1:lambda:path/2015-03-31/functions/arn:aws:lambda:eu-central-1:763268634072:function:get-all-authors-lambda/invocations",
            "kms_key_arn": "",
            "last_modified": "2023-05-21T18:39:13.147+0000",
            "layers": [],
            "memory_size": 128,
            "package_type": "Zip",
            "publish": false,
            "qualified_arn": "arn:aws:lambda:eu-central-1:763268634072:function:get-all-authors-lambda:$LATEST",
            "qualified_invoke_arn": "arn:aws:apigateway:eu-central-1:lambda:path/2015-03-31/functions/arn:aws:lambda:eu-central-1:763268634072:function:get-all-authors-lambda:$LATEST/invocations",
            "replace_security_groups_on_destroy": null,
            "replacement_security_group_ids": null,
            "reserved_concurrent_executions": -1,
            "role": "arn:aws:iam::763268634072:role/get-all-authors-lambda-role",
            "runtime": "nodejs12.x",
            "s3_bucket": null,
            "s3_key": null,
            "s3_object_version": null,
            "signing_job_arn": "",
            "signing_profile_version_arn": "",
            "skip_destroy": false,
            "snap_start": [],
            "source_code_hash": "eLpL7+vBup8iShiSjB/kWfc7BxkXBfNYZsZGWr0QbDI=",
            "source_code_size": 489,
            "tags": {},
            "tags_all": {},
            "timeout": 3,
            "timeouts": null,
            "tracing_config": [
              {
                "mode": "PassThrough"
              }
            ],
            "version": "$LATEST",
            "vpc_config": []
          },
          "sensitive_attributes": [],
          "private": "eyJlMmJmYjczMC1lY2FhLTExZTYtOGY4OC0zNDM2M2JjN2M0YzAiOnsiY3JlYXRlIjo2MDAwMDAwMDAwMDAsImRlbGV0ZSI6NjAwMDAwMDAwMDAwLCJ1cGRhdGUiOjYwMDAwMDAwMDAwMH19",
          "dependencies": [
            "module.get-all-authors.aws_iam_role.get-all-authors-lambda-role"
          ]
        }
      ]
    },
    {
      "module": "module.get-all-courses",
      "mode": "data",
      "type": "archive_file",
      "name": "get-all-courses-lambda",
      "provider": "provider[\"registry.terraform.io/hashicorp/archive\"]",
      "instances": [
        {
          "schema_version": 0,
          "attributes": {
            "excludes": null,
            "id": "26bd4b4b6cd43817e64128efda2db485f64a90cd",
            "output_base64sha256": "d8yfA8KUWm+2mZTtYQ0WzLhmKDPpZgbbzit+cY8A3Z8=",
            "output_file_mode": null,
            "output_md5": "bf8da24074993bff45035838dad37957",
            "output_path": "lambda/get-all-courses/get-all-courses-lambda.zip",
            "output_sha": "26bd4b4b6cd43817e64128efda2db485f64a90cd",
            "output_size": 518,
            "source": [],
            "source_content": null,
            "source_content_filename": null,
            "source_dir": null,
            "source_file": "lambda/get-all-courses/get-all-courses-lambda.js",
            "type": "zip"
          },
          "sensitive_attributes": []
        }
      ]
    },
    {
      "module": "module.get-all-courses",
      "mode": "data",
      "type": "aws_arn",
      "name": "course-table",
      "provider": "provider[\"registry.terraform.io/hashicorp/aws\"]",
      "instances": [
        {
          "schema_version": 0,
          "attributes": {
            "account": "763268634072",
            "arn": "arn:aws:dynamodb:eu-central-1:763268634072:table/developer-course",
            "id": "arn:aws:dynamodb:eu-central-1:763268634072:table/developer-course",
            "partition": "aws",
            "region": "eu-central-1",
            "resource": "table/developer-course",
            "service": "dynamodb"
          },
          "sensitive_attributes": []
        }
      ]
    },
    {
      "module": "module.get-all-courses",
      "mode": "managed",
      "type": "aws_iam_role",
      "name": "get-all-courses-lambda-role",
      "provider": "provider[\"registry.terraform.io/hashicorp/aws\"]",
      "instances": [
        {
          "schema_version": 0,
          "attributes": {
            "arn": "arn:aws:iam::763268634072:role/get-all-courses-lambda-role",
            "assume_role_policy": "{\"Statement\":[{\"Action\":[\"sts:AssumeRole\"],\"Effect\":\"Allow\",\"Principal\":{\"Service\":[\"lambda.amazonaws.com\"]}}],\"Version\":\"2012-10-17\"}",
            "create_date": "2023-05-07T08:27:44Z",
            "description": "",
            "force_detach_policies": false,
            "id": "get-all-courses-lambda-role",
            "inline_policy": [
              {
                "name": "get-all-courses-lambda-policy",
                "policy": "{\"Version\":\"2012-10-17\",\"Statement\":[{\"Action\":[\"logs:CreateLogGroup\",\"logs:CreateLogStream\",\"logs:PutLogEvents\"],\"Effect\":\"Allow\",\"Resource\":\"arn:aws:logs:*:*:*\"},{\"Action\":\"dynamodb:Scan\",\"Effect\":\"Allow\",\"Resource\":\"arn:aws:dynamodb:eu-central-1:763268634072:table/developer-course\"}]}"
              }
            ],
            "managed_policy_arns": [],
            "max_session_duration": 3600,
            "name": "get-all-courses-lambda-role",
            "name_prefix": "",
            "path": "/",
            "permissions_boundary": null,
            "tags": {},
            "tags_all": {},
            "unique_id": "AROA3DNS3CXMOYSILTL4H"
          },
          "sensitive_attributes": [],
          "private": "bnVsbA=="
        }
      ]
    },
    {
      "module": "module.get-all-courses",
      "mode": "managed",
      "type": "aws_iam_role_policy",
      "name": "get-all-courses-lambda-policy",
      "provider": "provider[\"registry.terraform.io/hashicorp/aws\"]",
      "instances": [
        {
          "schema_version": 0,
          "attributes": {
            "id": "get-all-courses-lambda-role:get-all-courses-lambda-policy",
            "name": "get-all-courses-lambda-policy",
            "name_prefix": null,
            "policy": "{\"Version\":\"2012-10-17\",\"Statement\":[{\"Action\":[\"logs:CreateLogGroup\",\"logs:CreateLogStream\",\"logs:PutLogEvents\"],\"Effect\":\"Allow\",\"Resource\":\"arn:aws:logs:*:*:*\"},{\"Action\":\"dynamodb:Scan\",\"Effect\":\"Allow\",\"Resource\":\"arn:aws:dynamodb:eu-central-1:763268634072:table/developer-course\"}]}",
            "role": "get-all-courses-lambda-role"
          },
          "sensitive_attributes": [],
          "private": "bnVsbA==",
          "dependencies": [
            "module.get-all-courses.aws_iam_role.get-all-courses-lambda-role",
            "module.get-all-courses.data.aws_arn.course-table"
          ]
        }
      ]
    },
    {
      "module": "module.get-all-courses",
      "mode": "managed",
      "type": "aws_lambda_function",
      "name": "get-all-courses-lambda",
      "provider": "provider[\"registry.terraform.io/hashicorp/aws\"]",
      "instances": [
        {
          "schema_version": 0,
          "attributes": {
            "architectures": [
              "x86_64"
            ],
            "arn": "arn:aws:lambda:eu-central-1:763268634072:function:get-all-courses-lambda",
            "code_signing_config_arn": "",
            "dead_letter_config": [],
            "description": "",
            "environment": [],
            "ephemeral_storage": [
              {
                "size": 512
              }
            ],
            "file_system_config": [],
            "filename": "lambda/get-all-courses/get-all-courses-lambda.zip",
            "function_name": "get-all-courses-lambda",
            "handler": "get-all-courses-lambda.handler",
            "id": "get-all-courses-lambda",
            "image_config": [],
            "image_uri": "",
            "invoke_arn": "arn:aws:apigateway:eu-central-1:lambda:path/2015-03-31/functions/arn:aws:lambda:eu-central-1:763268634072:function:get-all-courses-lambda/invocations",
            "kms_key_arn": "",
            "last_modified": "2023-05-21T18:39:13.087+0000",
            "layers": [],
            "memory_size": 128,
            "package_type": "Zip",
            "publish": false,
            "qualified_arn": "arn:aws:lambda:eu-central-1:763268634072:function:get-all-courses-lambda:$LATEST",
            "qualified_invoke_arn": "arn:aws:apigateway:eu-central-1:lambda:path/2015-03-31/functions/arn:aws:lambda:eu-central-1:763268634072:function:get-all-courses-lambda:$LATEST/invocations",
            "replace_security_groups_on_destroy": null,
            "replacement_security_group_ids": null,
            "reserved_concurrent_executions": -1,
            "role": "arn:aws:iam::763268634072:role/get-all-courses-lambda-role",
            "runtime": "nodejs12.x",
            "s3_bucket": null,
            "s3_key": null,
            "s3_object_version": null,
            "signing_job_arn": "",
            "signing_profile_version_arn": "",
            "skip_destroy": false,
            "snap_start": [],
            "source_code_hash": "d8yfA8KUWm+2mZTtYQ0WzLhmKDPpZgbbzit+cY8A3Z8=",
            "source_code_size": 518,
            "tags": {},
            "tags_all": {},
            "timeout": 3,
            "timeouts": null,
            "tracing_config": [
              {
                "mode": "PassThrough"
              }
            ],
            "version": "$LATEST",
            "vpc_config": []
          },
          "sensitive_attributes": [],
          "private": "eyJlMmJmYjczMC1lY2FhLTExZTYtOGY4OC0zNDM2M2JjN2M0YzAiOnsiY3JlYXRlIjo2MDAwMDAwMDAwMDAsImRlbGV0ZSI6NjAwMDAwMDAwMDAwLCJ1cGRhdGUiOjYwMDAwMDAwMDAwMH19",
          "dependencies": [
            "module.get-all-courses.aws_iam_role.get-all-courses-lambda-role"
          ]
        }
      ]
    },
    {
      "module": "module.get-course",
      "mode": "data",
      "type": "archive_file",
      "name": "get-course-lambda",
      "provider": "provider[\"registry.terraform.io/hashicorp/archive\"]",
      "instances": [
        {
          "schema_version": 0,
          "attributes": {
            "excludes": null,
            "id": "8fb6c1f585dfb819e18eb050b4e8971592824d2a",
            "output_base64sha256": "nVe0Gk4pap5wHdgYcd/HAu9XtUdXfdRlSRo2RoZ7zOA=",
            "output_file_mode": null,
            "output_md5": "e51cb5ce1a61ee5081b3cdc29890bedf",
            "output_path": "lambda/get-course/get-course-lambda.zip",
            "output_sha": "8fb6c1f585dfb819e18eb050b4e8971592824d2a",
            "output_size": 505,
            "source": [],
            "source_content": null,
            "source_content_filename": null,
            "source_dir": null,
            "source_file": "lambda/get-course/get-course-lambda.js",
            "type": "zip"
          },
          "sensitive_attributes": []
        }
      ]
    },
    {
      "module": "module.get-course",
      "mode": "data",
      "type": "aws_arn",
      "name": "course-table",
      "provider": "provider[\"registry.terraform.io/hashicorp/aws\"]",
      "instances": [
        {
          "schema_version": 0,
          "attributes": {
            "account": "763268634072",
            "arn": "arn:aws:dynamodb:eu-central-1:763268634072:table/developer-course",
            "id": "arn:aws:dynamodb:eu-central-1:763268634072:table/developer-course",
            "partition": "aws",
            "region": "eu-central-1",
            "resource": "table/developer-course",
            "service": "dynamodb"
          },
          "sensitive_attributes": []
        }
      ]
    },
    {
      "module": "module.get-course",
      "mode": "managed",
      "type": "aws_iam_role",
      "name": "get-course-lambda-role",
      "provider": "provider[\"registry.terraform.io/hashicorp/aws\"]",
      "instances": [
        {
          "schema_version": 0,
          "attributes": {
            "arn": "arn:aws:iam::763268634072:role/get-course-lambda-role",
            "assume_role_policy": "{\"Statement\":[{\"Action\":[\"sts:AssumeRole\"],\"Effect\":\"Allow\",\"Principal\":{\"Service\":[\"lambda.amazonaws.com\"]}}],\"Version\":\"2012-10-17\"}",
            "create_date": "2023-05-07T08:27:44Z",
            "description": "",
            "force_detach_policies": false,
            "id": "get-course-lambda-role",
            "inline_policy": [
              {
                "name": "get-course-lambda-policy",
                "policy": "{\"Version\":\"2012-10-17\",\"Statement\":[{\"Action\":[\"logs:CreateLogGroup\",\"logs:CreateLogStream\",\"logs:PutLogEvents\"],\"Effect\":\"Allow\",\"Resource\":\"arn:aws:logs:*:*:*\"},{\"Action\":\"dynamodb:GetItem\",\"Effect\":\"Allow\",\"Resource\":\"arn:aws:dynamodb:eu-central-1:763268634072:table/developer-course\"}]}"
              }
            ],
            "managed_policy_arns": [],
            "max_session_duration": 3600,
            "name": "get-course-lambda-role",
            "name_prefix": "",
            "path": "/",
            "permissions_boundary": null,
            "tags": {},
            "tags_all": {},
            "unique_id": "AROA3DNS3CXMF7P33YN5S"
          },
          "sensitive_attributes": [],
          "private": "bnVsbA=="
        }
      ]
    },
    {
      "module": "module.get-course",
      "mode": "managed",
      "type": "aws_iam_role_policy",
      "name": "get-course-lambda-policy",
      "provider": "provider[\"registry.terraform.io/hashicorp/aws\"]",
      "instances": [
        {
          "schema_version": 0,
          "attributes": {
            "id": "get-course-lambda-role:get-course-lambda-policy",
            "name": "get-course-lambda-policy",
            "name_prefix": null,
            "policy": "{\"Version\":\"2012-10-17\",\"Statement\":[{\"Action\":[\"logs:CreateLogGroup\",\"logs:CreateLogStream\",\"logs:PutLogEvents\"],\"Effect\":\"Allow\",\"Resource\":\"arn:aws:logs:*:*:*\"},{\"Action\":\"dynamodb:GetItem\",\"Effect\":\"Allow\",\"Resource\":\"arn:aws:dynamodb:eu-central-1:763268634072:table/developer-course\"}]}",
            "role": "get-course-lambda-role"
          },
          "sensitive_attributes": [],
          "private": "bnVsbA==",
          "dependencies": [
            "module.get-course.aws_iam_role.get-course-lambda-role",
            "module.get-course.data.aws_arn.course-table"
          ]
        }
      ]
    },
    {
      "module": "module.get-course",
      "mode": "managed",
      "type": "aws_lambda_function",
      "name": "get-course-lambda",
      "provider": "provider[\"registry.terraform.io/hashicorp/aws\"]",
      "instances": [
        {
          "schema_version": 0,
          "attributes": {
            "architectures": [
              "x86_64"
            ],
            "arn": "arn:aws:lambda:eu-central-1:763268634072:function:get-course-lambda",
            "code_signing_config_arn": "",
            "dead_letter_config": [],
            "description": "",
            "environment": [],
            "ephemeral_storage": [
              {
                "size": 512
              }
            ],
            "file_system_config": [],
            "filename": "lambda/get-course/get-course-lambda.zip",
            "function_name": "get-course-lambda",
            "handler": "get-course-lambda.handler",
            "id": "get-course-lambda",
            "image_config": [],
            "image_uri": "",
            "invoke_arn": "arn:aws:apigateway:eu-central-1:lambda:path/2015-03-31/functions/arn:aws:lambda:eu-central-1:763268634072:function:get-course-lambda/invocations",
            "kms_key_arn": "",
            "last_modified": "2023-05-21T18:39:13.344+0000",
            "layers": [],
            "memory_size": 128,
            "package_type": "Zip",
            "publish": false,
            "qualified_arn": "arn:aws:lambda:eu-central-1:763268634072:function:get-course-lambda:$LATEST",
            "qualified_invoke_arn": "arn:aws:apigateway:eu-central-1:lambda:path/2015-03-31/functions/arn:aws:lambda:eu-central-1:763268634072:function:get-course-lambda:$LATEST/invocations",
            "replace_security_groups_on_destroy": null,
            "replacement_security_group_ids": null,
            "reserved_concurrent_executions": -1,
            "role": "arn:aws:iam::763268634072:role/get-course-lambda-role",
            "runtime": "nodejs12.x",
            "s3_bucket": null,
            "s3_key": null,
            "s3_object_version": null,
            "signing_job_arn": "",
            "signing_profile_version_arn": "",
            "skip_destroy": false,
            "snap_start": [],
            "source_code_hash": "nVe0Gk4pap5wHdgYcd/HAu9XtUdXfdRlSRo2RoZ7zOA=",
            "source_code_size": 505,
            "tags": {},
            "tags_all": {},
            "timeout": 3,
            "timeouts": null,
            "tracing_config": [
              {
                "mode": "PassThrough"
              }
            ],
            "version": "$LATEST",
            "vpc_config": []
          },
          "sensitive_attributes": [],
          "private": "eyJlMmJmYjczMC1lY2FhLTExZTYtOGY4OC0zNDM2M2JjN2M0YzAiOnsiY3JlYXRlIjo2MDAwMDAwMDAwMDAsImRlbGV0ZSI6NjAwMDAwMDAwMDAwLCJ1cGRhdGUiOjYwMDAwMDAwMDAwMH19",
          "dependencies": [
            "module.get-course.aws_iam_role.get-course-lambda-role"
          ]
        }
      ]
    },
    {
      "module": "module.save-course",
      "mode": "data",
      "type": "archive_file",
      "name": "save-course-lambda",
      "provider": "provider[\"registry.terraform.io/hashicorp/archive\"]",
      "instances": [
        {
          "schema_version": 0,
          "attributes": {
            "excludes": null,
            "id": "0d9723100bef006da13e6e9781c9b183183db8a2",
            "output_base64sha256": "/qS6Tepuhyh66hzjh1ukZdN+D7zkN+ugnFfWerOsHQo=",
            "output_file_mode": null,
            "output_md5": "8d68c1028ab578361a33902993dd8cb4",
            "output_path": "lambda/save-course/save-course-lambda.zip",
            "output_sha": "0d9723100bef006da13e6e9781c9b183183db8a2",
            "output_size": 663,
            "source": [],
            "source_content": null,
            "source_content_filename": null,
            "source_dir": null,
            "source_file": "lambda/save-course/save-course-lambda.js",
            "type": "zip"
          },
          "sensitive_attributes": []
        }
      ]
    },
    {
      "module": "module.save-course",
      "mode": "data",
      "type": "aws_arn",
      "name": "course-table",
      "provider": "provider[\"registry.terraform.io/hashicorp/aws\"]",
      "instances": [
        {
          "schema_version": 0,
          "attributes": {
            "account": "763268634072",
            "arn": "arn:aws:dynamodb:eu-central-1:763268634072:table/developer-course",
            "id": "arn:aws:dynamodb:eu-central-1:763268634072:table/developer-course",
            "partition": "aws",
            "region": "eu-central-1",
            "resource": "table/developer-course",
            "service": "dynamodb"
          },
          "sensitive_attributes": []
        }
      ]
    },
    {
      "module": "module.save-course",
      "mode": "managed",
      "type": "aws_iam_role",
      "name": "save-course-lambda-role",
      "provider": "provider[\"registry.terraform.io/hashicorp/aws\"]",
      "instances": [
        {
          "schema_version": 0,
          "attributes": {
            "arn": "arn:aws:iam::763268634072:role/save-course-lambda-role",
            "assume_role_policy": "{\"Statement\":[{\"Action\":[\"sts:AssumeRole\"],\"Effect\":\"Allow\",\"Principal\":{\"Service\":[\"lambda.amazonaws.com\"]}}],\"Version\":\"2012-10-17\"}",
            "create_date": "2023-05-07T08:27:44Z",
            "description": "",
            "force_detach_policies": false,
            "id": "save-course-lambda-role",
            "inline_policy": [
              {
                "name": "save-course-lambda-policy",
                "policy": "{\"Version\":\"2012-10-17\",\"Statement\":[{\"Action\":[\"logs:CreateLogGroup\",\"logs:CreateLogStream\",\"logs:PutLogEvents\"],\"Effect\":\"Allow\",\"Resource\":\"arn:aws:logs:*:*:*\"},{\"Action\":\"dynamodb:PutItem\",\"Effect\":\"Allow\",\"Resource\":\"arn:aws:dynamodb:eu-central-1:763268634072:table/developer-course\"}]}"
              }
            ],
            "managed_policy_arns": [],
            "max_session_duration": 3600,
            "name": "save-course-lambda-role",
            "name_prefix": "",
            "path": "/",
            "permissions_boundary": null,
            "tags": {},
            "tags_all": {},
            "unique_id": "AROA3DNS3CXMCYJXH64WK"
          },
          "sensitive_attributes": [],
          "private": "bnVsbA=="
        }
      ]
    },
    {
      "module": "module.save-course",
      "mode": "managed",
      "type": "aws_iam_role_policy",
      "name": "save-course-lambda-policy",
      "provider": "provider[\"registry.terraform.io/hashicorp/aws\"]",
      "instances": [
        {
          "schema_version": 0,
          "attributes": {
            "id": "save-course-lambda-role:save-course-lambda-policy",
            "name": "save-course-lambda-policy",
            "name_prefix": null,
            "policy": "{\"Version\":\"2012-10-17\",\"Statement\":[{\"Action\":[\"logs:CreateLogGroup\",\"logs:CreateLogStream\",\"logs:PutLogEvents\"],\"Effect\":\"Allow\",\"Resource\":\"arn:aws:logs:*:*:*\"},{\"Action\":\"dynamodb:PutItem\",\"Effect\":\"Allow\",\"Resource\":\"arn:aws:dynamodb:eu-central-1:763268634072:table/developer-course\"}]}",
            "role": "save-course-lambda-role"
          },
          "sensitive_attributes": [],
          "private": "bnVsbA==",
          "dependencies": [
            "module.save-course.aws_iam_role.save-course-lambda-role",
            "module.save-course.data.aws_arn.course-table"
          ]
        }
      ]
    },
    {
      "module": "module.save-course",
      "mode": "managed",
      "type": "aws_lambda_function",
      "name": "save-course-lambda",
      "provider": "provider[\"registry.terraform.io/hashicorp/aws\"]",
      "instances": [
        {
          "schema_version": 0,
          "attributes": {
            "architectures": [
              "x86_64"
            ],
            "arn": "arn:aws:lambda:eu-central-1:763268634072:function:save-course-lambda",
            "code_signing_config_arn": "",
            "dead_letter_config": [],
            "description": "",
            "environment": [],
            "ephemeral_storage": [
              {
                "size": 512
              }
            ],
            "file_system_config": [],
            "filename": "lambda/save-course/save-course-lambda.zip",
            "function_name": "save-course-lambda",
            "handler": "save-course-lambda.handler",
            "id": "save-course-lambda",
            "image_config": [],
            "image_uri": "",
            "invoke_arn": "arn:aws:apigateway:eu-central-1:lambda:path/2015-03-31/functions/arn:aws:lambda:eu-central-1:763268634072:function:save-course-lambda/invocations",
            "kms_key_arn": "",
            "last_modified": "2023-05-21T18:39:13.089+0000",
            "layers": [],
            "memory_size": 128,
            "package_type": "Zip",
            "publish": false,
            "qualified_arn": "arn:aws:lambda:eu-central-1:763268634072:function:save-course-lambda:$LATEST",
            "qualified_invoke_arn": "arn:aws:apigateway:eu-central-1:lambda:path/2015-03-31/functions/arn:aws:lambda:eu-central-1:763268634072:function:save-course-lambda:$LATEST/invocations",
            "replace_security_groups_on_destroy": null,
            "replacement_security_group_ids": null,
            "reserved_concurrent_executions": -1,
            "role": "arn:aws:iam::763268634072:role/save-course-lambda-role",
            "runtime": "nodejs12.x",
            "s3_bucket": null,
            "s3_key": null,
            "s3_object_version": null,
            "signing_job_arn": "",
            "signing_profile_version_arn": "",
            "skip_destroy": false,
            "snap_start": [],
            "source_code_hash": "/qS6Tepuhyh66hzjh1ukZdN+D7zkN+ugnFfWerOsHQo=",
            "source_code_size": 663,
            "tags": {},
            "tags_all": {},
            "timeout": 3,
            "timeouts": null,
            "tracing_config": [
              {
                "mode": "PassThrough"
              }
            ],
            "version": "$LATEST",
            "vpc_config": []
          },
          "sensitive_attributes": [],
          "private": "eyJlMmJmYjczMC1lY2FhLTExZTYtOGY4OC0zNDM2M2JjN2M0YzAiOnsiY3JlYXRlIjo2MDAwMDAwMDAwMDAsImRlbGV0ZSI6NjAwMDAwMDAwMDAwLCJ1cGRhdGUiOjYwMDAwMDAwMDAwMH19",
          "dependencies": [
            "module.save-course.aws_iam_role.save-course-lambda-role"
          ]
        }
      ]
    },
    {
      "module": "module.update-course",
      "mode": "data",
      "type": "archive_file",
      "name": "update-course-lambda",
      "provider": "provider[\"registry.terraform.io/hashicorp/archive\"]",
      "instances": [
        {
          "schema_version": 0,
          "attributes": {
            "excludes": null,
            "id": "9b7184a5ea3e030ed58ebb4a77fe652c5d9538cb",
            "output_base64sha256": "e1zVEMfeAahPL2N6LO4kwI0AwjtC/5CG72Z6PBgDBKk=",
            "output_file_mode": null,
            "output_md5": "5c527bd9d9c9c61c9ddcd702d909af92",
            "output_path": "lambda/update-course/update-course-lambda.zip",
            "output_sha": "9b7184a5ea3e030ed58ebb4a77fe652c5d9538cb",
            "output_size": 559,
            "source": [],
            "source_content": null,
            "source_content_filename": null,
            "source_dir": null,
            "source_file": "lambda/update-course/update-course-lambda.js",
            "type": "zip"
          },
          "sensitive_attributes": []
        }
      ]
    },
    {
      "module": "module.update-course",
      "mode": "data",
      "type": "aws_arn",
      "name": "course-table",
      "provider": "provider[\"registry.terraform.io/hashicorp/aws\"]",
      "instances": [
        {
          "schema_version": 0,
          "attributes": {
            "account": "763268634072",
            "arn": "arn:aws:dynamodb:eu-central-1:763268634072:table/developer-course",
            "id": "arn:aws:dynamodb:eu-central-1:763268634072:table/developer-course",
            "partition": "aws",
            "region": "eu-central-1",
            "resource": "table/developer-course",
            "service": "dynamodb"
          },
          "sensitive_attributes": []
        }
      ]
    },
    {
      "module": "module.update-course",
      "mode": "managed",
      "type": "aws_iam_role",
      "name": "update-course-lambda-role",
      "provider": "provider[\"registry.terraform.io/hashicorp/aws\"]",
      "instances": [
        {
          "schema_version": 0,
          "attributes": {
            "arn": "arn:aws:iam::763268634072:role/update-course-lambda-role",
            "assume_role_policy": "{\"Statement\":[{\"Action\":[\"sts:AssumeRole\"],\"Effect\":\"Allow\",\"Principal\":{\"Service\":[\"lambda.amazonaws.com\"]}}],\"Version\":\"2012-10-17\"}",
            "create_date": "2023-05-07T08:27:44Z",
            "description": "",
            "force_detach_policies": false,
            "id": "update-course-lambda-role",
            "inline_policy": [
              {
                "name": "update-course-lambda-policy",
                "policy": "{\"Version\":\"2012-10-17\",\"Statement\":[{\"Action\":[\"logs:CreateLogGroup\",\"logs:CreateLogStream\",\"logs:PutLogEvents\"],\"Effect\":\"Allow\",\"Resource\":\"arn:aws:logs:*:*:*\"},{\"Action\":\"dynamodb:PutItem\",\"Effect\":\"Allow\",\"Resource\":\"arn:aws:dynamodb:eu-central-1:763268634072:table/developer-course\"}]}"
              }
            ],
            "managed_policy_arns": [],
            "max_session_duration": 3600,
            "name": "update-course-lambda-role",
            "name_prefix": "",
            "path": "/",
            "permissions_boundary": null,
            "tags": {},
            "tags_all": {},
            "unique_id": "AROA3DNS3CXMEXBCJDC47"
          },
          "sensitive_attributes": [],
          "private": "bnVsbA=="
        }
      ]
    },
    {
      "module": "module.update-course",
      "mode": "managed",
      "type": "aws_iam_role_policy",
      "name": "update-course-lambda-policy",
      "provider": "provider[\"registry.terraform.io/hashicorp/aws\"]",
      "instances": [
        {
          "schema_version": 0,
          "attributes": {
            "id": "update-course-lambda-role:update-course-lambda-policy",
            "name": "update-course-lambda-policy",
            "name_prefix": null,
            "policy": "{\"Version\":\"2012-10-17\",\"Statement\":[{\"Action\":[\"logs:CreateLogGroup\",\"logs:CreateLogStream\",\"logs:PutLogEvents\"],\"Effect\":\"Allow\",\"Resource\":\"arn:aws:logs:*:*:*\"},{\"Action\":\"dynamodb:PutItem\",\"Effect\":\"Allow\",\"Resource\":\"arn:aws:dynamodb:eu-central-1:763268634072:table/developer-course\"}]}",
            "role": "update-course-lambda-role"
          },
          "sensitive_attributes": [],
          "private": "bnVsbA==",
          "dependencies": [
            "module.update-course.aws_iam_role.update-course-lambda-role",
            "module.update-course.data.aws_arn.course-table"
          ]
        }
      ]
    },
    {
      "module": "module.update-course",
      "mode": "managed",
      "type": "aws_lambda_function",
      "name": "update-course-lambda",
      "provider": "provider[\"registry.terraform.io/hashicorp/aws\"]",
      "instances": [
        {
          "schema_version": 0,
          "attributes": {
            "architectures": [
              "x86_64"
            ],
            "arn": "arn:aws:lambda:eu-central-1:763268634072:function:update-course-lambda",
            "code_signing_config_arn": "",
            "dead_letter_config": [],
            "description": "",
            "environment": [],
            "ephemeral_storage": [
              {
                "size": 512
              }
            ],
            "file_system_config": [],
            "filename": "lambda/update-course/update-course-lambda.zip",
            "function_name": "update-course-lambda",
            "handler": "update-course-lambda.handler",
            "id": "update-course-lambda",
            "image_config": [],
            "image_uri": "",
            "invoke_arn": "arn:aws:apigateway:eu-central-1:lambda:path/2015-03-31/functions/arn:aws:lambda:eu-central-1:763268634072:function:update-course-lambda/invocations",
            "kms_key_arn": "",
            "last_modified": "2023-05-21T18:39:13.236+0000",
            "layers": [],
            "memory_size": 128,
            "package_type": "Zip",
            "publish": false,
            "qualified_arn": "arn:aws:lambda:eu-central-1:763268634072:function:update-course-lambda:$LATEST",
            "qualified_invoke_arn": "arn:aws:apigateway:eu-central-1:lambda:path/2015-03-31/functions/arn:aws:lambda:eu-central-1:763268634072:function:update-course-lambda:$LATEST/invocations",
            "replace_security_groups_on_destroy": null,
            "replacement_security_group_ids": null,
            "reserved_concurrent_executions": -1,
            "role": "arn:aws:iam::763268634072:role/update-course-lambda-role",
            "runtime": "nodejs12.x",
            "s3_bucket": null,
            "s3_key": null,
            "s3_object_version": null,
            "signing_job_arn": "",
            "signing_profile_version_arn": "",
            "skip_destroy": false,
            "snap_start": [],
            "source_code_hash": "e1zVEMfeAahPL2N6LO4kwI0AwjtC/5CG72Z6PBgDBKk=",
            "source_code_size": 559,
            "tags": {},
            "tags_all": {},
            "timeout": 3,
            "timeouts": null,
            "tracing_config": [
              {
                "mode": "PassThrough"
              }
            ],
            "version": "$LATEST",
            "vpc_config": []
          },
          "sensitive_attributes": [],
          "private": "eyJlMmJmYjczMC1lY2FhLTExZTYtOGY4OC0zNDM2M2JjN2M0YzAiOnsiY3JlYXRlIjo2MDAwMDAwMDAwMDAsImRlbGV0ZSI6NjAwMDAwMDAwMDAwLCJ1cGRhdGUiOjYwMDAwMDAwMDAwMH19",
          "dependencies": [
            "module.update-course.aws_iam_role.update-course-lambda-role"
          ]
        }
      ]
    }
  ],
  "check_results": null
}
